# fluxor.lock — generated, edit via `fluxor update`
# Pinned store artifacts: one [[artifact]] entry per resolved digest.

[[artifact]]
kind = "module"
name = "admission"
project = "clustor"
target = "bcm2712"
digest = "sha256:7b43d40cdde0d8015c0fd6e344ddc0bbc4336197c42ee8a0d18a118de0a58224"
reference = "bcm2712/admission:0.0.1"
content = "sha256:6bcd4669094b0bc734afc7d6eca47f24def4f89b394722ab53e666c56f6d4c31"

[[artifact]]
kind = "module"
name = "clustor_cli"
project = "clustor"
target = "bcm2712"
digest = "sha256:5e33c5f1044759d0470c0910d62fed01eedf2a1fa7fe53a77d54b69b63cc4ded"
reference = "bcm2712/clustor_cli:0.0.1"
content = "sha256:712f6bea1c97fb7fb2da1c3e8b448f958618a7238e0e5ec503b3005539de3cbb"

[[artifact]]
kind = "module"
name = "consensus"
project = "clustor"
target = "bcm2712"
digest = "sha256:ec9aa8ff38646ebf51cab932ea9ca7b1eb85b9c1b50516d298aca21bb28ca78a"
reference = "bcm2712/consensus:0.0.1"
content = "sha256:dfeeadadefd960d6ee844b5cbcda51fc6ef4810187623961743c7823c0fa36ae"

[[artifact]]
kind = "module"
name = "consensus_bench"
project = "clustor"
target = "bcm2712"
digest = "sha256:94fc1a76204de0752f60d1fe81ed9190c6bd0ed19a7a67af11de81f83922ef40"
reference = "bcm2712/consensus_bench:0.0.1"
content = "sha256:87502452d448469a70770ce6cea5d6d0b094b28ca537b231574a8ec92d13414d"

[[artifact]]
kind = "module"
name = "control_plane"
project = "clustor"
target = "bcm2712"
digest = "sha256:acc78c9407e1e195472159fa3233be514a944dc891770d12fbedc06aa197fce5"
reference = "bcm2712/control_plane:0.0.1"
content = "sha256:9b4b41c3e1931bc0a73a9294cdfad6ef74b2d5de755acf2a8717e52679f7085c"

[[artifact]]
kind = "module"
name = "durability"
project = "clustor"
target = "bcm2712"
digest = "sha256:b2de23026b8b464889602d4ce080798f9102c51aa1863779aae7fe778ee27517"
reference = "bcm2712/durability:0.0.1"
content = "sha256:fb95c37256514c525231c93058a93c5f2b1f7350827757aadd88d8eb5d47282f"

[[artifact]]
kind = "module"
name = "durability-volatile"
project = "clustor"
target = "bcm2712"
digest = "sha256:d382293c492e25837edee114c88c1460227f39d36308efb61e58a04376c453af"
reference = "bcm2712/durability-volatile:0.0.1"
content = "sha256:f48e4c6c75b160330609d1d8b56ff06d63bb371e9a54f83df346b70f1791504e"

[[artifact]]
kind = "module"
name = "example_consumer"
project = "clustor"
target = "bcm2712"
digest = "sha256:85b0a1bbf9ef8fa4fc168abd0240b96152fb54caf7a21fd7c81b9934a31ece9c"
reference = "bcm2712/example_consumer:0.0.1"
content = "sha256:a8154b6fe2d3d668c27270f09d84446d3268428c26fd4ca233eb783e8f292a50"

[[artifact]]
kind = "module"
name = "gateway"
project = "clustor"
target = "bcm2712"
digest = "sha256:3b15342db43501278d0a9b486e7ade8839f78430624df42eca52ccd22f254beb"
reference = "bcm2712/gateway:0.0.1"
content = "sha256:2549211bffded1598f61cc57098f89c03ba85147c53d0d0432b770e14829c11a"

[[artifact]]
kind = "module"
name = "nvme_bench"
project = "clustor"
target = "bcm2712"
digest = "sha256:73e6cefa87fa759e7d57c940c13d53d064b1399792a1d2d307d7ef3cdfe6fe03"
reference = "bcm2712/nvme_bench:0.0.1"
content = "sha256:d41d3984893a8743c0705db2531e31bc510289067f825e28e89c47c991826655"

[[artifact]]
kind = "module"
name = "operations"
project = "clustor"
target = "bcm2712"
digest = "sha256:9a5a34398029dcabb476a10d24d4a4088ef6264b5e1a682543a3a407911290f0"
reference = "bcm2712/operations:0.0.1"
content = "sha256:e8702dc657599f830b67c6c6733c550f8d31112e6d07b0f863fcb102ccaf21b8"

[[artifact]]
kind = "module"
name = "operations-headless"
project = "clustor"
target = "bcm2712"
digest = "sha256:5728d3d96579cd10cdea2b168aa9ef1f670335beede958e898886306a5d3a99e"
reference = "bcm2712/operations-headless:0.0.1"
content = "sha256:57bdb17fcaab8a60ce887d002ed1872ab0ede0fb447def8735be3e255f1e8551"

[[artifact]]
kind = "module"
name = "partition_router"
project = "clustor"
target = "bcm2712"
digest = "sha256:a46c3f58cc262498073d8143e34c9ef9d449062fd28841dd3facdccbc30d6cc1"
reference = "bcm2712/partition_router:0.0.1"
content = "sha256:f280f3f0b47322d982e8443a62e8f2620f29639d00285806f2d6fe10f3dd2481"

[[artifact]]
kind = "module"
name = "peer_router"
project = "clustor"
target = "bcm2712"
digest = "sha256:b2db8f4b3132cb9eeb47eeb3696e232794206ff86fe2aabaa305507e36717b28"
reference = "bcm2712/peer_router:0.0.1"
content = "sha256:0b442322ec9ad29072ce46e09225c9ac031899832697a5f0003d9625eb587263"

[[artifact]]
kind = "module"
name = "session_directory"
project = "clustor"
target = "bcm2712"
digest = "sha256:6c0f489767fe248f462d2e36e02165528a24a943edb067fbe0fcbc63391cfae3"
reference = "bcm2712/session_directory:0.0.1"
content = "sha256:52f0aafbbffcc25fc2ddf361c083385c035ee44fded972b53b3898ac95dd165b"

[[artifact]]
kind = "module"
name = "block_wipe"
project = "fluxor"
target = "bcm2712"
digest = "sha256:e4d527909c16225831c61937937aeb851ef2c5c89b937bdfede75ddfe1aba6b3"
reference = "bcm2712/block_wipe:0.0.1"
content = "sha256:6b7d302d8e65cc4ed3f2bc93ea706c8d7744907c5de02a87ff8b8acdcd1524bd"

[[artifact]]
kind = "module"
name = "conn_demux"
project = "fluxor"
target = "bcm2712"
digest = "sha256:c1a483e067ced40214e18a2eebe620b1b406cf87f1ed5bc62af506df016f4656"
reference = "bcm2712/conn_demux:0.0.1"
content = "sha256:f55e9aa7b8dc803b6a0b557a009f375c23c2a37fa0dcba3aa0408622ec0b8a52"

[[artifact]]
kind = "module"
name = "conn_guard"
project = "fluxor"
target = "bcm2712"
digest = "sha256:417181c3f162d6b2348326b51c41a54cb1a01c3c42881722d0e1079c784d0740"
reference = "bcm2712/conn_guard:0.0.1"
content = "sha256:32644345f8aa4d9c1b175ddbf205328d1b0002a7f720510602fe55dbcd0b82a0"

[[artifact]]
kind = "module"
name = "conn_sink"
project = "fluxor"
target = "bcm2712"
digest = "sha256:0533264385b5cabfe0e1fdef3e1d3ad893522b801bc00a72a67f6d5490cd0a35"
reference = "bcm2712/conn_sink:0.0.1"
content = "sha256:4a74f7a0e226b4f72841584a700bc82c782fff0dad987e7cf922db763ccb00bb"

[[artifact]]
kind = "module"
name = "crypt_block"
project = "fluxor"
target = "bcm2712"
digest = "sha256:f8873e54580d46c0c11ff111ae4982e66142d8e902439ef325e358a829716638"
reference = "bcm2712/crypt_block:0.0.1"
content = "sha256:d1726f60f14f3915250f3a6e60f6998e786bfc041ce16bb7b30c23678bebcd79"

[[artifact]]
kind = "module"
name = "debug"
project = "fluxor"
target = "bcm2712"
digest = "sha256:c18aeaa7e78047bf91e11d074b8b9a2a615c86343798eb4f4b3ecd45989edc0e"
reference = "bcm2712/debug:0.0.1"
content = "sha256:a7881de80013110b75d28577db87d9e3b979c69631faac04df5834b41e718ac1"

[[artifact]]
kind = "module"
name = "demux"
project = "fluxor"
target = "bcm2712"
digest = "sha256:3b25fe3d2789a73c8a9f0d4fa0d4c0e3060e44cfed88ebdb773d4483db0773aa"
reference = "bcm2712/demux:0.0.1"
content = "sha256:09f4ea23195b0ad602253d2520c0a80bcf4c0322eedebaf013b7bd3d316d52df"

[[artifact]]
kind = "module"
name = "directory_stand_in"
project = "fluxor"
target = "bcm2712"
digest = "sha256:1141a869601c9d2656335c0d89236c555478b02748d8119280ae9a5b2d06fd63"
reference = "bcm2712/directory_stand_in:0.0.1"
content = "sha256:4e6db5cce8b445ecc0c0721a2906b84f8f11d5648296795a0fe062cecd2c8fe0"

[[artifact]]
kind = "module"
name = "dma_probe"
project = "fluxor"
target = "bcm2712"
digest = "sha256:876c0a16c11ff32b4673e24e3674d8f93aff01f47090366bb419148851a5cd7d"
reference = "bcm2712/dma_probe:0.0.1"
content = "sha256:f2c622e4746fe411a5d88d07acb676901fe5b0913a07795b1fc2bfa9fc8f5755"

[[artifact]]
kind = "module"
name = "dns"
project = "fluxor"
target = "bcm2712"
digest = "sha256:64b3ddde73bd2428336759efbaee709fa49803e44ba97e145da65fab16aaf903"
reference = "bcm2712/dns:0.0.1"
content = "sha256:b2004c6a54362010378a2d04bc795ccbe0008cbeab40db3a4eb2dff5addf71a4"

[[artifact]]
kind = "module"
name = "e810"
project = "fluxor"
target = "bcm2712"
digest = "sha256:c00df488acb05691f56b1aadc6ebe444d461c46dc4cb7821c34bc4ba1c957eb2"
reference = "bcm2712/e810:0.0.1"
content = "sha256:915c4423528c278eaca9e47f8836b137b3416b7ba183077109edb0630a18f237"

[[artifact]]
kind = "module"
name = "echo_anchor"
project = "fluxor"
target = "bcm2712"
digest = "sha256:6c0e1c2d72a75b3067f27888ea1a88833ce4402c63aebf1692e7242f7bb7a175"
reference = "bcm2712/echo_anchor:0.0.1"
content = "sha256:40bb9ed57df36b48ccb405c1bfe8bfc159a94d83295a907c40a48843b8aa10af"

[[artifact]]
kind = "module"
name = "echo_worker"
project = "fluxor"
target = "bcm2712"
digest = "sha256:82871df55d49fba2710812fcd8a49a76f4b51e235909f850453593f0c3693913"
reference = "bcm2712/echo_worker:0.0.1"
content = "sha256:a950b39ff82e7d6f439783ed32476e8d8a5e7fafdf3df19eeb424cfa51d362a9"

[[artifact]]
kind = "module"
name = "eth_parser"
project = "fluxor"
target = "bcm2712"
digest = "sha256:3a8740c4890bba0f8c7f7cecc7d5e5904d8b7d191f08d3cc5afe11c7b8660c78"
reference = "bcm2712/eth_parser:0.0.1"
content = "sha256:02dc29e18ee082bce8df551f5a9a9c30698bd94595eb7f555764a234c2d91cb9"

[[artifact]]
kind = "module"
name = "exchange_poster"
project = "fluxor"
target = "bcm2712"
digest = "sha256:0341e460e1830d39aecab805eb053afb75b06184d542d16a412acab8c41fc817"
reference = "bcm2712/exchange_poster:0.0.1"
content = "sha256:71d030a26f3aec3466a2a85068cb17e7f465fa30dbe11fc174e28d30a4baad15"

[[artifact]]
kind = "module"
name = "fat32"
project = "fluxor"
target = "bcm2712"
digest = "sha256:d38c31069f0c5592c59bbc7a4995da5885acbf3bcf3ab5dfb45a1897dbf6beb6"
reference = "bcm2712/fat32:0.0.1"
content = "sha256:21e463aceb5402dd20267ae175459a639075d66c54f4b0497ae10cb65a5d0424"

[[artifact]]
kind = "module"
name = "fat32_seed"
project = "fluxor"
target = "bcm2712"
digest = "sha256:c9a2bf7ef644da78eee3a32654bd9bdc15b40acd56a685f99494e2410838cc9b"
reference = "bcm2712/fat32_seed:0.0.1"
content = "sha256:cc2d301d6914d80e1fc70f239f0a55010a26136208102d060521bbd3fdfa3c2c"

[[artifact]]
kind = "module"
name = "fence_agent"
project = "fluxor"
target = "bcm2712"
digest = "sha256:a98b088d3dfd25e6cd1648731feab5a90619407d943de98a2fdc9dd3b7e1df8b"
reference = "bcm2712/fence_agent:0.0.1"
content = "sha256:22672e8ceaaf50a81cc17c8c122ff6effd501ada149b618e98cd402c77b656f4"

[[artifact]]
kind = "module"
name = "fence_probe"
project = "fluxor"
target = "bcm2712"
digest = "sha256:1694bf96367c36191987cc7d05ad419df8cfcdac5437d912d1f6f40e43ab6e6e"
reference = "bcm2712/fence_probe:0.0.1"
content = "sha256:25df2e368d6e0f29e25bd1959f45f4f6395042295f0a399ba1dec2aae284bf3d"

[[artifact]]
kind = "module"
name = "file_block"
project = "fluxor"
target = "bcm2712"
digest = "sha256:4a158bee7309a91c5244514214c3029519e9cfaa8b809698cd6fa0ae85f09671"
reference = "bcm2712/file_block:0.0.1"
content = "sha256:c80a30ca67df7667c1942d80704678d13e90e815be5ee3aefa853b6808d9a7f2"

[[artifact]]
kind = "module"
name = "fs_bank"
project = "fluxor"
target = "bcm2712"
digest = "sha256:ddee6c4d33308ce22509202fbbbfd2352665c7a45061009164175d96d501d4db"
reference = "bcm2712/fs_bank:0.0.1"
content = "sha256:71d6dab849d6f73fc8b6cc4e29ce89c7f18b13525096312dcd0878fcb6278cd7"

[[artifact]]
kind = "module"
name = "fs_selftest"
project = "fluxor"
target = "bcm2712"
digest = "sha256:f8ad9615bc3a72e7f4949b48c6fb6bea176e1f76381c329407315d9578676178"
reference = "bcm2712/fs_selftest:0.0.1"
content = "sha256:f280ebbab56b8a69cfa38dca3eef78123fae9272ebba84de2ff52d950602a585"

[[artifact]]
kind = "module"
name = "fs_tap"
project = "fluxor"
target = "bcm2712"
digest = "sha256:8f2f711f0d13f838b268b34278832c781284605ab47eafac567d458159a7c33a"
reference = "bcm2712/fs_tap:0.0.1"
content = "sha256:2f7685d90cd71f26e9f4acabb636b1702da6ab1f6c1ac3a82f90af63201ba1c4"

[[artifact]]
kind = "module"
name = "gallery_stage"
project = "fluxor"
target = "bcm2712"
digest = "sha256:53942e0e3d87df80d9f2219e454a331254a20f03b9c9dab16002422995d87b92"
reference = "bcm2712/gallery_stage:0.0.1"
content = "sha256:8b309a57cd10db62a737593313ec686fbc3326c52174d9b9ee57d6d849988b04"

[[artifact]]
kind = "module"
name = "gesture"
project = "fluxor"
target = "bcm2712"
digest = "sha256:a2b04136239353d8608d001ae45eb8ece4056bf6f61caf9ab3f0067b869e0bd9"
reference = "bcm2712/gesture:0.0.1"
content = "sha256:0455942ee7fe900d8ba6f100702cff3c9e6e428bc7a1d13c5dd7c3da41420ad9"

[[artifact]]
kind = "module"
name = "gpu_replay"
project = "fluxor"
target = "bcm2712"
digest = "sha256:90fd31987369a8998b7db33a787fab0ac389ec95c562f5e77e4f514291c2a0b0"
reference = "bcm2712/gpu_replay:0.0.1"
content = "sha256:505df633cf35fb549a931024c47c64a9d0fa848d51b3819b0d400795e2a34406"

[[artifact]]
kind = "module"
name = "ip"
project = "fluxor"
target = "bcm2712"
digest = "sha256:de4d7254f418acccc10596521b5c979929768e04dd1e3a8d5cb502bbd077e903"
reference = "bcm2712/ip:0.0.1"
content = "sha256:3e50e5c012c3cf87d561f8c0a2f6cae965d340962cf240d3f15c8230a3d4f8af"

[[artifact]]
kind = "module"
name = "iso_heap"
project = "fluxor"
target = "bcm2712"
digest = "sha256:6df438df0fe506a273f4d9d4b26551e25cdf15819754c2d0890bf68189d750a8"
reference = "bcm2712/iso_heap:0.0.1"
content = "sha256:444ef2851a2984fffc6dacc718fe0aeff2e56fafd6b9c02a57bd1c08e06e73fc"

[[artifact]]
kind = "module"
name = "iso_probe"
project = "fluxor"
target = "bcm2712"
digest = "sha256:dd18be4522135208eb2960c52679238b62d8dbe8af0373dd3d98dbfc7036a4dc"
reference = "bcm2712/iso_probe:0.0.1"
content = "sha256:a8ddf8bb7283a11976e2865174d2a4f748d90b537dbd616a9b68435f2dcda0ca"

[[artifact]]
kind = "module"
name = "iso_transform"
project = "fluxor"
target = "bcm2712"
digest = "sha256:a2b12836e8bf505e56099956d6aa352d57e203efcff590b1fc01df3f35dc2290"
reference = "bcm2712/iso_transform:0.0.1"
content = "sha256:92b8e272b6655f30a9c5ec9c13ff519221da3357ebb3e3cd3ca26088d79354d8"

[[artifact]]
kind = "module"
name = "kv_store"
project = "fluxor"
target = "bcm2712"
digest = "sha256:e540aef8ec6a49a1895fcd34babdd5931b85eb8b190cac3f8729b47b5f5e9a83"
reference = "bcm2712/kv_store:0.0.1"
content = "sha256:d47fcfea525beefbcc2931ad745d42aa7151796f3947a078dea91c4c8a310ac1"

[[artifact]]
kind = "module"
name = "load_gen"
project = "fluxor"
target = "bcm2712"
digest = "sha256:0e0bf44af8a55d4efab4cfa95d3ce8546af3f86be523feb8659dfb84359eb00e"
reference = "bcm2712/load_gen:0.0.1"
content = "sha256:8c08092a52d6c1ab7551d59c02e672ab1849fe28efc13b95f49b610604a94876"

[[artifact]]
kind = "module"
name = "log_net"
project = "fluxor"
target = "bcm2712"
digest = "sha256:0e83f57047653dec840ac9f7e3fcd6118474ae79ad16c263e3817168a3c55401"
reference = "bcm2712/log_net:0.0.1"
content = "sha256:24dd05755a1ec7632536f978ef9ca0f4cf02295a31a393edcd0e1d5873010b57"

[[artifact]]
kind = "module"
name = "mem_ns"
project = "fluxor"
target = "bcm2712"
digest = "sha256:7f02adaaa33b6e30b172e4fa56ceb6f056ab1a8018cfaad1e7d321b62ffa9656"
reference = "bcm2712/mem_ns:0.0.1"
content = "sha256:c316cdf4c6347867202eb738b87d2b797cd25ad174e2e4a0685f8a4d1c3a97bf"

[[artifact]]
kind = "module"
name = "monitor"
project = "fluxor"
target = "bcm2712"
digest = "sha256:42c80511743b1ba71a6b63420d0377a6c3cbf909e8f88d5d04b363c7dfb8adbc"
reference = "bcm2712/monitor:0.0.1"
content = "sha256:8bc5acd584a489d4cc1946b8ff315f0e8516296d8285a111ec9bd7d92689addd"

[[artifact]]
kind = "module"
name = "mount"
project = "fluxor"
target = "bcm2712"
digest = "sha256:0b8d99aac074138fe9a61e7566869b483dc79767ce5caef12e20d6ba8328e204"
reference = "bcm2712/mount:0.0.1"
content = "sha256:edd3ae4a7c754a31fa6f9c533520c0c201ed13ec5e9e382580552b5cdc206caf"

[[artifact]]
kind = "module"
name = "mux_echo"
project = "fluxor"
target = "bcm2712"
digest = "sha256:6c43d6c27d7b192806d30b49ad0d6cb2801771049d7f064d82017c68f486ec0d"
reference = "bcm2712/mux_echo:0.0.1"
content = "sha256:31cd980da363ad420b3efec94b2962ec992d06dbc8e6d82ab6b02a4b77edacec"

[[artifact]]
kind = "module"
name = "nbd_serve"
project = "fluxor"
target = "bcm2712"
digest = "sha256:4f70f50221fc0f4bcc4b8734b0c39ec8ceb2096de7a7104a09a4398f909392a8"
reference = "bcm2712/nbd_serve:0.0.1"
content = "sha256:b475ca6cc57f3c09099cd71bb50731d73e3c5c51fbf2cfc8722496c94bc30c0f"

[[artifact]]
kind = "module"
name = "nvme"
project = "fluxor"
target = "bcm2712"
digest = "sha256:4a6a4dd4f210dbf25aea058f20499b2cb6996cc8febd0653c9fd3a0ea261ef3e"
reference = "bcm2712/nvme:0.0.1"
content = "sha256:da93cb5ff458bccbaaa34ebae66759f59157348b539a75bfacfee7588e04556f"

[[artifact]]
kind = "module"
name = "nvme_arena_probe"
project = "fluxor"
target = "bcm2712"
digest = "sha256:65eae19044ae1b6af365bb0693a69f0072ecb784d61c5ddef9adf212866e4213"
reference = "bcm2712/nvme_arena_probe:0.0.1"
content = "sha256:4d452600e119ef51756a59bd61d89bccf241bebc799b36d72c2a611a2dcf30ab"

[[artifact]]
kind = "module"
name = "nvme_perf_probe"
project = "fluxor"
target = "bcm2712"
digest = "sha256:0e7558d511831dd34872cd8ffd6d84c1a5f171c3df58409ff338220cb55a147c"
reference = "bcm2712/nvme_perf_probe:0.0.1"
content = "sha256:5e9abba277923b3d25ab67c0604065455813fa7e1843a1db3e49319a789d2b3f"

[[artifact]]
kind = "module"
name = "object_bank"
project = "fluxor"
target = "bcm2712"
digest = "sha256:7b1a76dd25bb5cb0d8c03b93526f7394d8df277c66377ff86f980c5ab0d22c3d"
reference = "bcm2712/object_bank:0.0.1"
content = "sha256:77dabda7259a3253204b3bfbb9f081e130d2e6ab0e0a703f4d56cd3df4feb687"

[[artifact]]
kind = "module"
name = "observe"
project = "fluxor"
target = "bcm2712"
digest = "sha256:1f46a253a7c239c08ec09695c874b2f6a1d66cd85334b3568bd849fac1c9d65b"
reference = "bcm2712/observe:0.0.1"
content = "sha256:a65c9e048ade6a86163d4ad93c90d95fd0c327615ac8da8e2e8c43b313882b43"

[[artifact]]
kind = "module"
name = "ota_registry"
project = "fluxor"
target = "bcm2712"
digest = "sha256:d3c62c627a2887fd81a93e2673cb854ee180c2d77b712ef59909d00c032b9006"
reference = "bcm2712/ota_registry:0.0.1"
content = "sha256:2993325efaf438082f3d25e616398b8d5e313f0938754c2897a99db1e45400ce"

[[artifact]]
kind = "module"
name = "otel"
project = "fluxor"
target = "bcm2712"
digest = "sha256:86e51c980978a71c9ac9693091be2dbe6c17e6fba0a6f63968529478499792ae"
reference = "bcm2712/otel:0.0.1"
content = "sha256:73e896af80529b3a9203c8031d2bf0d313c23f4c06af543ad05273db3bb81eec"

[[artifact]]
kind = "module"
name = "otel-min"
project = "fluxor"
target = "bcm2712"
digest = "sha256:6e46349456e8b3f73ed04a9b7c90c164ab0037cd4fec87c3e097e59b96d0b112"
reference = "bcm2712/otel-min:0.0.1"
content = "sha256:23cc57c53bdbee45b11da1cdf6743117f4933492705c4322d9ffda3ab64121e8"

[[artifact]]
kind = "module"
name = "packet_echo_director"
project = "fluxor"
target = "bcm2712"
digest = "sha256:9019d59dbda2645015d709d4ba2c1567189fbd1a71030177badf7564ce20819d"
reference = "bcm2712/packet_echo_director:0.0.1"
content = "sha256:a043936b20a1a1a6a951b178a6483248d1a90c704589e3f4031c020d80a8f318"

[[artifact]]
kind = "module"
name = "panel_surface_traits"
project = "fluxor"
target = "bcm2712"
digest = "sha256:7505b31e4c8435f80ac72c0df0cf10ced3a814c71e0772e7fea693310d7bf37b"
reference = "bcm2712/panel_surface_traits:0.0.1"
content = "sha256:2d28fa07dc38c5a1ac764fb46052deb227d860e63b4bef590388458d4d7a10f7"

[[artifact]]
kind = "module"
name = "pause_driver"
project = "fluxor"
target = "bcm2712"
digest = "sha256:ed625be6425deaea3dab696bd29f3324730097e4515ce0a71884247c6ddb2c9d"
reference = "bcm2712/pause_driver:0.0.1"
content = "sha256:94b31e1e9319ffa69a137c06ad5a42834098dba41ea879b692cd98bd04f45d91"

[[artifact]]
kind = "module"
name = "pause_probe"
project = "fluxor"
target = "bcm2712"
digest = "sha256:d79ec7e07ba9c2a3e3d223eab1decc0269421802400763c504703e5088527478"
reference = "bcm2712/pause_probe:0.0.1"
content = "sha256:01307a7f187cd69342ec9724bea8b273212205d06985431397c3b9cc1320650a"

[[artifact]]
kind = "module"
name = "pcie_scan"
project = "fluxor"
target = "bcm2712"
digest = "sha256:fe4544c0e1526346726b2447c8180d46ce88e8a9e3bdba57c128d2bf4b9405e5"
reference = "bcm2712/pcie_scan:0.0.1"
content = "sha256:c88f683045f4a932e1a6b164be483e508e3b33bee06da6541221a17c0ca1cfde"

[[artifact]]
kind = "module"
name = "pkt_filter"
project = "fluxor"
target = "bcm2712"
digest = "sha256:bc192880a5f1c7e5ac4ad836746aafc3795150ede013b17ed24968bf3e1f44ba"
reference = "bcm2712/pkt_filter:0.0.1"
content = "sha256:3a37195596e056f4d33848cb945a5e4dc61138b10d159dc052eccd507b4358ea"

[[artifact]]
kind = "module"
name = "presentation_resolver"
project = "fluxor"
target = "bcm2712"
digest = "sha256:26ae41ecb7e2dda807ad6d6be0944e1c9cae12a1d8e5666a375c14923f802251"
reference = "bcm2712/presentation_resolver:0.0.1"
content = "sha256:9da63e026bd27f7ffd4190363beb92ba8baf5bc6977aedb0f68c8271deab570e"

[[artifact]]
kind = "module"
name = "quic"
project = "fluxor"
target = "bcm2712"
digest = "sha256:f1e2f7b42a8a83ee6b754c7cf508d1aed70e0da39f09b167eb2f0bc59c364de8"
reference = "bcm2712/quic:0.0.1"
content = "sha256:cda4eeb9bf03311ec78a57532231ee5cb2cf24f0a8064a96c390f6a5617c677e"

[[artifact]]
kind = "module"
name = "reconfigure"
project = "fluxor"
target = "bcm2712"
digest = "sha256:70e33011445860b8ff8c7bc2633fb259bf110927fbf6a7aa7777362ebd30dd4d"
reference = "bcm2712/reconfigure:0.0.1"
content = "sha256:780aa7b64f8ed49e97b0bfee0dfc069148e6775ab22047c4c1674e6e180199ed"

[[artifact]]
kind = "module"
name = "remote_channel"
project = "fluxor"
target = "bcm2712"
digest = "sha256:91d2ad559df451bb4634c4b3f6ad632b125a237c8d7b1f08c3681b5f13cd5afe"
reference = "bcm2712/remote_channel:0.0.1"
content = "sha256:5b24103c62077c3c276cc60aa1a37894cfbacbc9b4c009cb41e74e02a37a4d3b"

[[artifact]]
kind = "module"
name = "rp1_gem"
project = "fluxor"
target = "bcm2712"
digest = "sha256:a26bc9eae673c9c2fd55e110c9f86fd293f0309b72d0bd443ef37f0847c9d02d"
reference = "bcm2712/rp1_gem:0.0.1"
content = "sha256:1f65e0677a2d587f9a981261173298a05c3c22b6cd2f16e75185ecbc737b4ab2"

[[artifact]]
kind = "module"
name = "rsa_bench"
project = "fluxor"
target = "bcm2712"
digest = "sha256:079f8c21aa8be4aaf9ad330505f5a6f47a9c7df9cbfc6d2749a1200a2d827035"
reference = "bcm2712/rsa_bench:0.0.1"
content = "sha256:de8fc6695df26a11f3516b98798bc0b74467dfef3e43525d4ef5cc1354da1517"

[[artifact]]
kind = "module"
name = "sequencer"
project = "fluxor"
target = "bcm2712"
digest = "sha256:afac25c0c2cfadaa64f359bd084667d2e7aa038e65fc358f3860e97e7e371089"
reference = "bcm2712/sequencer:0.0.1"
content = "sha256:96332e3c748d0489ebe105fb6979c59245a6f75cd87a6a1f62930456ad391256"

[[artifact]]
kind = "module"
name = "smmu"
project = "fluxor"
target = "bcm2712"
digest = "sha256:a74b8611653bf99b3a73ded6de9b4ee41cc9f161c606279024f29167e6ae7f31"
reference = "bcm2712/smmu:0.0.1"
content = "sha256:c99a3d8f58f7e6eaab3a8b4c7271094ca327377e1ddf3ad1837200867f2453e5"

[[artifact]]
kind = "module"
name = "stack_fence_probe"
project = "fluxor"
target = "bcm2712"
digest = "sha256:d3b15c54e6bc1ac62778f0bd032b650a59f53bf71ba8ee505ff0ab962202ca55"
reference = "bcm2712/stack_fence_probe:0.0.1"
content = "sha256:f8bad26e3e70c6b0458724cf06919b48eadf36513801314c6b9419940e4c862d"

[[artifact]]
kind = "module"
name = "store_probe"
project = "fluxor"
target = "bcm2712"
digest = "sha256:d720f69d771a06489ebd6c73447743af3c2061d9068e5934c809b9e1b1da5260"
reference = "bcm2712/store_probe:0.0.1"
content = "sha256:9a6aea48c858d0b5c4e1aeab718fb0794953044adb0fc7a15bba3bf86b4d4c65"

[[artifact]]
kind = "module"
name = "store_seed"
project = "fluxor"
target = "bcm2712"
digest = "sha256:ebd737c5bb0ed92f3cc2cf922af3c4a6c536f39720ae94f2fa9baf3a398d30e9"
reference = "bcm2712/store_seed:0.0.1"
content = "sha256:8fec95d6837f2f864d87c7611b6f65f63c03099f029c10ba6c38143c0ab798f8"

[[artifact]]
kind = "module"
name = "synth_source"
project = "fluxor"
target = "bcm2712"
digest = "sha256:8e662e6fe502e313867231e07be5adb180fd85df78963ba85b895bdf150ff296"
reference = "bcm2712/synth_source:0.0.1"
content = "sha256:f8a14fa84273ff6292293eccbbcfe46275f1544ec9985b5e7f416d85c467ce7a"

[[artifact]]
kind = "module"
name = "test_fault"
project = "fluxor"
target = "bcm2712"
digest = "sha256:afd9c39ffae20d60a179c6301a8bb41e5f2bf81e7e11a95baa07e8932c25556b"
reference = "bcm2712/test_fault:0.0.1"
content = "sha256:86c5a208a49838eb3e10103b91440a1ea9226646e692f0eafe6c37905f5bda60"

[[artifact]]
kind = "module"
name = "tier2_probe"
project = "fluxor"
target = "bcm2712"
digest = "sha256:9a0a7808d2074f520c866e08dd3eb5f94ba348261b3fd1adadfb613dde432d0b"
reference = "bcm2712/tier2_probe:0.0.1"
content = "sha256:e774ffecc1a9a8cd43d8b441b517299c6e87a366aead5d9d287e980dc90e88a0"

[[artifact]]
kind = "module"
name = "tls"
project = "fluxor"
target = "bcm2712"
digest = "sha256:ca8219212058f1f7e5f1b4e4054801c7ca944e4ebd1c4e962e0450a5bfa6ba67"
reference = "bcm2712/tls:0.0.1"
content = "sha256:e391dbafe890d3b6c73acb9a60567542cad39e91c2df27ede5b18a67c8f0c37c"

[[artifact]]
kind = "module"
name = "tls_probe"
project = "fluxor"
target = "bcm2712"
digest = "sha256:6be8344ec698d5f9bb54434aeef29b9964d83c9b3b350a99c24b06001cc0ad0a"
reference = "bcm2712/tls_probe:0.0.1"
content = "sha256:68c6d208d35892dc5b0400a1bb0d5c5cd0ef12067e032d28faef6e135aeecaf5"

[[artifact]]
kind = "module"
name = "transport_buffer"
project = "fluxor"
target = "bcm2712"
digest = "sha256:d65297e4835fbb7e5efd3fe05c6a1aecf7e8c478cf8e4c4369c9c0c831981b39"
reference = "bcm2712/transport_buffer:0.0.1"
content = "sha256:366f8b94e1a2fab4bf84e0b757383ca29c25c8ef4e515f4bf5b28af3920d0d58"

[[artifact]]
kind = "module"
name = "usb_midi_host"
project = "fluxor"
target = "bcm2712"
digest = "sha256:cacdd497439ae7075cdee83ba4aca4ae0a5d91eb8560c1d81ea9accbd01c0550"
reference = "bcm2712/usb_midi_host:0.0.1"
content = "sha256:e153b6ceabcda2a5bdf54e513afec3a8a42c7f65fab16090bdbcab18ef5b74b5"

[[artifact]]
kind = "module"
name = "virtio_net"
project = "fluxor"
target = "bcm2712"
digest = "sha256:6db8178327ae5364daf679ac37d9a1fec71beeafa383e9a6bad58ea4a2574295"
reference = "bcm2712/virtio_net:0.0.1"
content = "sha256:3a955a454832a7e7f51cd08247a8f7b5501df68443e977546da4b9df02a8c29c"

[[artifact]]
kind = "module"
name = "wake_snk"
project = "fluxor"
target = "bcm2712"
digest = "sha256:161a9fc0b5e0e243c099a6a24fe8f21eab6ab1ff9f1cada957f5dcf82eceb614"
reference = "bcm2712/wake_snk:0.0.1"
content = "sha256:bc3ab97e83cd58f1ff16315181d0fa0630f8a6a91cd58e99e78aa03676343382"

[[artifact]]
kind = "module"
name = "wake_src"
project = "fluxor"
target = "bcm2712"
digest = "sha256:03c8a6d94e07d9aae196d6e03ca33801cdc2402f2e85a1288c31f2902f83506d"
reference = "bcm2712/wake_src:0.0.1"
content = "sha256:3e49b5bf1a4f1bac28f0c7ef45f48962877f0556407a663f0232e24cc333d17c"

[[artifact]]
kind = "module"
name = "http"
project = "wave"
target = "bcm2712"
digest = "sha256:75297018a2321cd70ff6e3d71475c9fc0ec7b22e47f058dae426d33d480279ed"
reference = "bcm2712/http:0.0.1"
content = "sha256:78cb7d1c64b6f40c8493e968d493b3c8f689120e8a1389e1d4a692e409e3471c"

[[artifact]]
kind = "module"
name = "http-app"
project = "wave"
target = "bcm2712"
digest = "sha256:4311a62a672e2ec8bba546fb071f8a5788208b02b2e5aae96e1f0118413fd855"
reference = "bcm2712/http-app:0.0.1"
content = "sha256:28485582aa915e8e363374b8c6bc9b67faf2b6e0b57ee5dd7d9e8e4bccf9135b"

[[artifact]]
kind = "module"
name = "http-exchange"
project = "wave"
target = "bcm2712"
digest = "sha256:70c10e1de70cce27c77faf2afc50f53ceba76996553514679ef6aba06f8b65b6"
reference = "bcm2712/http-exchange:0.0.1"
content = "sha256:0086fc71f1ff2e27ce13193d16e32b54782c4d3786fafd27893295fa73a2e344"

[[artifact]]
kind = "module"
name = "http-h1_exchange"
project = "wave"
target = "bcm2712"
digest = "sha256:dbc66718eaa39eba0c11d7c0bbac6cdfa698ac51bb19de30fedbd346231790bb"
reference = "bcm2712/http-h1_exchange:0.0.1"
content = "sha256:04d6a8e9602ca7dd134bf59327b644a36891fe37fe17c3185d30bca04e05f0ca"

[[artifact]]
kind = "module"
name = "http-h2"
project = "wave"
target = "bcm2712"
digest = "sha256:345f2be7fc744ff27002756fb16ee3a6539a330d56dee6e1b6e4ade5ed39ef83"
reference = "bcm2712/http-h2:0.0.1"
content = "sha256:7b61b44e1047137b9bf07f08c681b0f90e1eba8c7ddf3fd8746e7b2a43d4e88f"

[[artifact]]
kind = "module"
name = "http-web"
project = "wave"
target = "bcm2712"
digest = "sha256:c150eada474dad9b080b20d29a5726cce60ea68cafb9ea06539df74cd977320b"
reference = "bcm2712/http-web:0.0.1"
content = "sha256:a7cfb884789e5863cc257c244febaaf4ab688ae60ebe8588d018abe613a32802"

[[artifact]]
kind = "module"
name = "http_echo_app"
project = "wave"
target = "bcm2712"
digest = "sha256:f9912a7c95f6404c9966ca7e35c6c866dcb7b1e4ba2ed6fb1a26a73416b3a00d"
reference = "bcm2712/http_echo_app:0.0.1"
content = "sha256:8741c04fa120b48b6dd23092de8cdff7b27ae6a8dc886fde76244ce0afffbe08"

[[artifact]]
kind = "module"
name = "jitter"
project = "wave"
target = "bcm2712"
digest = "sha256:8a2c1d74f5f4716ab175d040893414be594e254bd07bc2eb988589f166432cc2"
reference = "bcm2712/jitter:0.0.1"
content = "sha256:996a7ef4f143bd643d06da97bcac55d0ba8e570b3eace15562dfeadeedfe034e"

[[artifact]]
kind = "module"
name = "mail"
project = "wave"
target = "bcm2712"
digest = "sha256:af8941aa68d821273afc630dc78f563e3dfefe7d31e4671f16cfd884f5905dbf"
reference = "bcm2712/mail:0.0.1"
content = "sha256:c3794e4a991d7438ee6f2851ce0a55f6b5a418f53d9c3bebd722f796bdefa511"

[[artifact]]
kind = "module"
name = "rtcp"
project = "wave"
target = "bcm2712"
digest = "sha256:c7e8baf9a7d563043943a542bb674131f1be3225d91687ad63e41b2940fc32da"
reference = "bcm2712/rtcp:0.0.1"
content = "sha256:715b18efce36a093508dcf5062b1615d5b601210c5b392c616618578f969d094"

[[artifact]]
kind = "module"
name = "rtp"
project = "wave"
target = "bcm2712"
digest = "sha256:2e029db9e5ec8f600d738ab4731d89596163c932ff61f511a7b29d9daa21cb85"
reference = "bcm2712/rtp:0.0.1"
content = "sha256:89d5d96753288f329d97fe90aa0f067fbd22572270c6f32402dae474fd70a812"

[[artifact]]
kind = "module"
name = "s3"
project = "wave"
target = "bcm2712"
digest = "sha256:63143fe085a1cc24c9ec0b509b0d89400beb05a348a550ef66f8532f33c6cf12"
reference = "bcm2712/s3:0.0.1"
content = "sha256:452e517fbbbeaff61d44137cadcc9a669019e67dfe9ba7acfdeb366fd759a5c3"

[[artifact]]
kind = "module"
name = "s3_relay_app"
project = "wave"
target = "bcm2712"
digest = "sha256:0baeede8e3b8f7a5bf6828c72d28926e5c38014ccdcc145b226550f4c62d4386"
reference = "bcm2712/s3_relay_app:0.0.1"
content = "sha256:66f4c8ad832a811df0d2831d371c17d4b73fbacfb0087289765129a74fcc553b"

[[artifact]]
kind = "module"
name = "s3_serve"
project = "wave"
target = "bcm2712"
digest = "sha256:51bd95ee5e3018f461e917d2c2e9978ba23d5651ba58f8c67ffc212c362c8fbd"
reference = "bcm2712/s3_serve:0.0.1"
content = "sha256:1d12dd80036f30b52207dfcea5b8a0ca2bc3939191fbc114c19b7f0e6f1e7428"

[[artifact]]
kind = "module"
name = "sip"
project = "wave"
target = "bcm2712"
digest = "sha256:9a58ec2c3016096bfe9bbe4cb40bc02ebe3d0b8b4b9a63564e9e59d25233aed6"
reference = "bcm2712/sip:0.0.1"
content = "sha256:a35225562301a84dd73ff90a1d673626b732e476dc75ccbbaf387296ccbb4cc2"

[[artifact]]
kind = "module"
name = "smtp"
project = "wave"
target = "bcm2712"
digest = "sha256:74d58c5b89034413ff7f86c1d878eff742b3146af2670b1424f0577bcfce1f54"
reference = "bcm2712/smtp:0.0.1"
content = "sha256:fca9a63a946ddd2e1da7a7c986284c176513c8896bfe53a513b83158147078fc"

[[artifact]]
kind = "module"
name = "stun"
project = "wave"
target = "bcm2712"
digest = "sha256:01c7b3a93b013025717b0f87871abd55b22e991eb9ea385f2c1e8313e8a441fa"
reference = "bcm2712/stun:0.0.1"
content = "sha256:4a5f36cb8c12b1c4fbbd88f78af8a878440a18242e8f5f48c009558956b5bd37"

[[artifact]]
kind = "module"
name = "websocket"
project = "wave"
target = "bcm2712"
digest = "sha256:f082625f9f12eb2f9ce727abbf466f7f7ce365cc6acf6cae2cab1e9c90484dfe"
reference = "bcm2712/websocket:0.0.1"
content = "sha256:53ed0958f6a43332cec5715d5f8d5083a000a78c1e65a6e7b82200854f92da4c"

[[artifact]]
kind = "module"
name = "ws_echo_worker"
project = "wave"
target = "bcm2712"
digest = "sha256:a1e8e22ccafbe9ce9c84bdbf0cd205c1805df843b91b51bc0059f8aa030232a7"
reference = "bcm2712/ws_echo_worker:0.0.1"
content = "sha256:5735f9b6207670f1336c72df66493d682b7dceaeb744bb3942b6c2e552858fe8"

[[artifact]]
kind = "module"
name = "ws_stream"
project = "wave"
target = "bcm2712"
digest = "sha256:953d69d4108d784d718b726b70eddb6bab041f3752f3c5dd22df9bd36fe8d144"
reference = "bcm2712/ws_stream:0.0.1"
content = "sha256:2bcfada2950325015f0a95381a79822a1cd20eb96141aa19e3e87758d1ebdac9"

[[artifact]]
kind = "runtime"
name = "fluxor"
project = "fluxor"
target = "aarch64-unknown-linux-gnu"
digest = "sha256:a7578e7c9e8eb8605e80eb3920b018a6627cdc4e6855490d55c6b7840e14c0dd"
reference = "fluxor/run/fluxor-aarch64-unknown-linux-gnu:0.0.1"
content = "sha256:4346d68fef4b9848637d04bb920ca4cd294e54bdd9216d77a5e00ab9bee620a2"

[[artifact]]
kind = "runtime"
name = "fluxor-linux"
project = "fluxor"
target = "aarch64-unknown-linux-gnu"
digest = "sha256:396b3dfa47c120c4192f045b639f1d92113b1341db18da153717c371daa10e36"
reference = "fluxor/run/fluxor-linux-aarch64-unknown-linux-gnu:0.0.1"
content = "sha256:659bbd53f13f61d2c7d85ebd5873ccd77ed73830bd60a199abd92baca0910b10"

[[artifact]]
kind = "source"
name = "clustor-common"
project = "clustor"
digest = "sha256:101884916a07bbdb9a27c805990692019db24ebd9ce3a6483544cc7577737999"
reference = "clustor/src/clustor-common:0.0.1"
content = "sha256:9f2844c60b8763be272cccfe6cad7cb3e4c573cf7e9ad95f9313b3f635974d23"

[[artifact]]
kind = "source"
name = "fluxor-abi"
project = "fluxor"
digest = "sha256:d03c2361f829c4c64bc1600a88ab0a7be47f221eaafcc856b9b33c1682e53440"
reference = "fluxor/src/fluxor-abi:0.0.1"
content = "sha256:0da78c8fb34848ad03ba13a6a0709942c00011d3e589f1d789d57de100843e9f"

[[artifact]]
kind = "source"
name = "fluxor-contracts"
project = "fluxor"
digest = "sha256:ca9f014b7378f0ffd56ab2b468fc93c50b216ba3375560c72ff14c2abf1d9d3d"
reference = "fluxor/src/fluxor-contracts:0.0.1"
content = "sha256:d5f144f490cfb4e521f893120f23d3fbdbeadf1fe7b13c22fcf73e9f46c0b9a4"

[[artifact]]
kind = "source"
name = "wave-common"
project = "wave"
digest = "sha256:7211d372a4261fb2a3acebfb74da2efc2a731320778a1974b983bb8ce56d02b0"
reference = "wave/src/wave-common:0.0.1"
content = "sha256:9be6cb706adf61ec5f313f009ad8c19d74e66edd38f5d7b46d26c8124f27a6a1"

[catalog]
digest = "sha256:9108c8ec68dbba957d04644c7de6a45736e19d75717dd357569d529fa9ae798a"
