# fluxor.lock — generated, edit via `fluxor update`
# Pinned store artifacts: one [[artifact]] entry per resolved digest.

[[artifact]]
kind = "module"
name = "admission"
project = "clustor"
target = "bcm2712"
digest = "sha256:9623c83a9d1873d4eafa370b4b9014dd9c24c6183a8133b67b0e5b4044b24c71"
reference = "bcm2712/admission:0.0.1"
content = "sha256:617790219438456e378622112a48fd810c6470893540bf521907a24d64ed9332"

[[artifact]]
kind = "module"
name = "clustor_cli"
project = "clustor"
target = "bcm2712"
digest = "sha256:f552c16a2edf668b093ce96a6271e02bf37997f50c37f97385f22b167a2c5f5e"
reference = "bcm2712/clustor_cli:0.0.1"
content = "sha256:381197de7c12968de6cada0c9614231e1566047251b7fbe1680336a74143c677"

[[artifact]]
kind = "module"
name = "consensus"
project = "clustor"
target = "bcm2712"
digest = "sha256:384ce0e0b09d754c0ed76b2a6e2e4208abe8186aceda9c1e4005a0adc1ed8c7d"
reference = "bcm2712/consensus:0.0.1"
content = "sha256:d56d4dfa21a55806b97796cc5ea843aae1dc2241e7accdc7476ce37d66c97073"

[[artifact]]
kind = "module"
name = "consensus_bench"
project = "clustor"
target = "bcm2712"
digest = "sha256:5937d7495a32596d25961aaf8277734e8df8be2198476d9fb6db6e32e06b3a41"
reference = "bcm2712/consensus_bench:0.0.1"
content = "sha256:a87831f3447cd55882bb0b820f9c32b297a5362051643afa61e863c76a208faa"

[[artifact]]
kind = "module"
name = "control_plane"
project = "clustor"
target = "bcm2712"
digest = "sha256:48a58454b0e9d3d6564a3f653bcaf5d6f904be88f63d95781835260fca4410ca"
reference = "bcm2712/control_plane:0.0.1"
content = "sha256:ef7946c00028eb17ed4c4cdc235a75686b67baf3d44c2b137fb7924fc958a80b"

[[artifact]]
kind = "module"
name = "durability"
project = "clustor"
target = "bcm2712"
digest = "sha256:77488a5e4b924134efb21041ebcb45ed0d1aa98707a2f19ce49625d25eae7535"
reference = "bcm2712/durability:0.0.1"
content = "sha256:4672b9f21c8443886b36bf4a116d68db2d65ea0cbbe2e7fdffc7ed5944d9c98a"

[[artifact]]
kind = "module"
name = "durability-volatile"
project = "clustor"
target = "bcm2712"
digest = "sha256:020b48c3fefab08798a479aa946ca8d9c5b2ca33ac08eef02c25757db837c6b7"
reference = "bcm2712/durability-volatile:0.0.1"
content = "sha256:fc5b16cc0715b82cd6c33b9a2b34263edc47649fbbd649b26d5adf3e36403746"

[[artifact]]
kind = "module"
name = "example_consumer"
project = "clustor"
target = "bcm2712"
digest = "sha256:cab0af7a053f3a36f38b475a0eb255a902faa2778432ffcdcf61695f074f21dd"
reference = "bcm2712/example_consumer:0.0.1"
content = "sha256:7384d186be190c0cda896113cc39b9659a4395b99c9cd27e82d013fd74ce9229"

[[artifact]]
kind = "module"
name = "gateway"
project = "clustor"
target = "bcm2712"
digest = "sha256:e085513cacb3da2d3dffadc101e5ed11843a17a07c62b6b96b1c1a0a3f4a3b91"
reference = "bcm2712/gateway:0.0.1"
content = "sha256:f32bb840ac0283093b65c9a6a04273f8058883808a48a2ed5c30ce21bd2f0924"

[[artifact]]
kind = "module"
name = "nvme_bench"
project = "clustor"
target = "bcm2712"
digest = "sha256:7d57019eec2262fa73c034b1d818fb2db2d7895dea6e7a96353ab1f378518b64"
reference = "bcm2712/nvme_bench:0.0.1"
content = "sha256:b18cc8cb7cecfdf43aeec3a9a7322a20956fa993d6270fdeda62121b3359c98d"

[[artifact]]
kind = "module"
name = "operations"
project = "clustor"
target = "bcm2712"
digest = "sha256:7d9b10d794766bf15682a2ac2a513490eafd284db886be8ac362894778e67764"
reference = "bcm2712/operations:0.0.1"
content = "sha256:6734a0d964a42314b99705f03d2e6d8ffd1d29deba552a8db759fd70158ed4ab"

[[artifact]]
kind = "module"
name = "operations-headless"
project = "clustor"
target = "bcm2712"
digest = "sha256:7bcb7e6c5ea706bb531ed42d8d1798bb480e36b3addfb662ebf38e078771915e"
reference = "bcm2712/operations-headless:0.0.1"
content = "sha256:092ede84a675e9574df5f854ff68750eab4df021ba51b10a0d9d5d90e3182651"

[[artifact]]
kind = "module"
name = "partition_router"
project = "clustor"
target = "bcm2712"
digest = "sha256:f1de2405baaeffecd19f9a13eeec0582c5f480a20192ba4a878c4c63e656e2bb"
reference = "bcm2712/partition_router:0.0.1"
content = "sha256:61f39a5da1b62922ce6ea6fafb628a0f684aed9ddf6da95bc235537e8dc67c2a"

[[artifact]]
kind = "module"
name = "peer_router"
project = "clustor"
target = "bcm2712"
digest = "sha256:52d223df3e93b43539096d96c97a53cd5b11521c74be92873af0cda14aad0bef"
reference = "bcm2712/peer_router:0.0.1"
content = "sha256:21dbcba51c2b0ac3da4cebb97aba1e0cbfa94d87b441bab47db636145dbf7262"

[[artifact]]
kind = "module"
name = "session_directory"
project = "clustor"
target = "bcm2712"
digest = "sha256:85f6396559325d8d8fe4d01287809dc2f25690689b44a4c644235ac4d3ba29eb"
reference = "bcm2712/session_directory:0.0.1"
content = "sha256:f3ee3831f6b6c29f25b09ab92e52061fc1f0b2eb3005cd8f3d8b7d94abc32e7e"

[[artifact]]
kind = "module"
name = "block_wipe"
project = "fluxor"
target = "bcm2712"
digest = "sha256:a20877359063cb42f38100842838c8645365a321c748d220a252d3ddf2fcfd44"
reference = "bcm2712/block_wipe:0.0.1"
content = "sha256:22b698829fd37ec4f349ae5d047abe7ed03d33cacff555ec4f7847a33b822bcc"

[[artifact]]
kind = "module"
name = "conn_demux"
project = "fluxor"
target = "bcm2712"
digest = "sha256:89cf091f5b111fb85398cec6a3c2aa2f38b53f99f0dda9f1716324abcad13786"
reference = "bcm2712/conn_demux:0.0.1"
content = "sha256:2e3eb029d351a6f9484142d9ed4a638ae8e5f5896199bf25d231e6495cd531df"

[[artifact]]
kind = "module"
name = "conn_guard"
project = "fluxor"
target = "bcm2712"
digest = "sha256:b2c5c043c94d41906613b1c4518370ece5088315a0a73a34541b0bc90f58736a"
reference = "bcm2712/conn_guard:0.0.1"
content = "sha256:206a40bb4dc46a438f7c5fddc715c19bc3ac75fee26e86f79440c90e7d18e8d0"

[[artifact]]
kind = "module"
name = "conn_sink"
project = "fluxor"
target = "bcm2712"
digest = "sha256:4a211d7b425931ec04c04e491667f1d50c73112cdb7bee87f2e2210d0f4c59eb"
reference = "bcm2712/conn_sink:0.0.1"
content = "sha256:5d72134093acc1e0f3c107e4e2fec4f2dddfa9928622581b67932052fbb0b770"

[[artifact]]
kind = "module"
name = "crypt_block"
project = "fluxor"
target = "bcm2712"
digest = "sha256:7dbebdc8830611cc3a6c71e9774914bb9192d68fc13cec2b99d6f48cb416d528"
reference = "bcm2712/crypt_block:0.0.1"
content = "sha256:059258f91ff15395b11f54207feb41aa199ec4a676603528c0e834d487f0b541"

[[artifact]]
kind = "module"
name = "debug"
project = "fluxor"
target = "bcm2712"
digest = "sha256:2dded803d836f746a05f5fc8c2532fa4aea1a2cd98961d04977c747213d94ad8"
reference = "bcm2712/debug:0.0.1"
content = "sha256:79aced6687ae6dec87d495659126bc5d64276b828a5ebf7b3fca6a0de0e8ec3d"

[[artifact]]
kind = "module"
name = "demux"
project = "fluxor"
target = "bcm2712"
digest = "sha256:f50d2aa9a37a21c1f73b77318469b4ee176b1faf06475b5cdb557602dd11de09"
reference = "bcm2712/demux:0.0.1"
content = "sha256:b883a17cee007e6ccab7134ad6ac08b3d3f40b3ba90ccaddf7b2aa26ffeb6075"

[[artifact]]
kind = "module"
name = "directory_stand_in"
project = "fluxor"
target = "bcm2712"
digest = "sha256:397933ff2c8f3ecd0ed788b0b96ebb56e28c4d567c20eafca4f49862c5885ae8"
reference = "bcm2712/directory_stand_in:0.0.1"
content = "sha256:24ed5a1280828e982227db7168997b53935079963eff5a0755f57767a0ac83f0"

[[artifact]]
kind = "module"
name = "dma_probe"
project = "fluxor"
target = "bcm2712"
digest = "sha256:2c3c57ec32190f61d8ea5c4ffcc2baab37d077181a881f07e32899cc7ff8228f"
reference = "bcm2712/dma_probe:0.0.1"
content = "sha256:d87ab22beda5119107abe1a56430c2963d6033485c01894e637e572a33a8c8d4"

[[artifact]]
kind = "module"
name = "dns"
project = "fluxor"
target = "bcm2712"
digest = "sha256:47379778115b2e3a6e221e4861fd5fc2f9b74eadb30d09a19de1acb19f676de6"
reference = "bcm2712/dns:0.0.1"
content = "sha256:426add24210adc3d37fdcb7aef8084138c13768eded1fe6347508b6226056e29"

[[artifact]]
kind = "module"
name = "e810"
project = "fluxor"
target = "bcm2712"
digest = "sha256:34e6f4b274c0a8e96d82f8feab3dbccd9b8b8e27ac79cf8be9f6fd82d0537747"
reference = "bcm2712/e810:0.0.1"
content = "sha256:d878619f32298da94978d06fe27c4280aa812cc3aa923b64e3cab0ae4898e689"

[[artifact]]
kind = "module"
name = "echo_anchor"
project = "fluxor"
target = "bcm2712"
digest = "sha256:58d749b4da55167de95c0d0e5f53ae97753c4aa499197ee0d18d897d81267cf7"
reference = "bcm2712/echo_anchor:0.0.1"
content = "sha256:bea3a32e2d23a7e49cde7ed80ee39b321d76acc0045c200690c35de346210c83"

[[artifact]]
kind = "module"
name = "echo_worker"
project = "fluxor"
target = "bcm2712"
digest = "sha256:125b2308f1ebf825d0c9f78a61347a1c9f22b4c2ec04e7ce0ddddbbaf147b2c9"
reference = "bcm2712/echo_worker:0.0.1"
content = "sha256:f293142d4b76efb534feab027e47f5320281cc8121923af1498c19964ae49c98"

[[artifact]]
kind = "module"
name = "eth_parser"
project = "fluxor"
target = "bcm2712"
digest = "sha256:afb9d34cf1ffb653dbd9aae9c220b615ae6631d1f462b355bd269841ff2ed27f"
reference = "bcm2712/eth_parser:0.0.1"
content = "sha256:c28d4f2c6d2bf5700938d2dff7286ba0b1db6538201eac9c20033dfe8d27db27"

[[artifact]]
kind = "module"
name = "exchange_poster"
project = "fluxor"
target = "bcm2712"
digest = "sha256:00932877685b2cc0068c429997ead0b20fc0b5f47cd73b1acd8ba57edff7e723"
reference = "bcm2712/exchange_poster:0.0.1"
content = "sha256:d70875107d799e26d0c417bb4c4d42ddce8d69c95fe29512fc91527d33878cab"

[[artifact]]
kind = "module"
name = "fat32"
project = "fluxor"
target = "bcm2712"
digest = "sha256:38f8d48b480322bfa1053bd53dfa8cb8586adc4bee2ac63be2ddacbccc147ec9"
reference = "bcm2712/fat32:0.0.1"
content = "sha256:b5bbf3434987f0d07836ea640bf4c30014054389b9940470c5eeef2d69311530"

[[artifact]]
kind = "module"
name = "fat32_seed"
project = "fluxor"
target = "bcm2712"
digest = "sha256:a7d3f269d1d9c487ce28a89a6db8bff3dd633bceb1bf1341c7b54d268eccf05c"
reference = "bcm2712/fat32_seed:0.0.1"
content = "sha256:2c54be038d762a33a27722e0061607831ab371df54e47aca7b1b9df20e002c24"

[[artifact]]
kind = "module"
name = "fence_agent"
project = "fluxor"
target = "bcm2712"
digest = "sha256:abfab084c1f14c6eb4a2d982d24b67c398f022ed0ed04a6afeecd37f1b40bf54"
reference = "bcm2712/fence_agent:0.0.1"
content = "sha256:330f1d37fcb830f8560d1dd44e5644a81ea66fa94a5d0f289cbf35b9128d8e58"

[[artifact]]
kind = "module"
name = "fence_probe"
project = "fluxor"
target = "bcm2712"
digest = "sha256:1a8d7cecfa689ddf7dd69b09d6f167cdb8265ca694ecfa132bb21d2b09d52d5d"
reference = "bcm2712/fence_probe:0.0.1"
content = "sha256:58ffe1a5e02792bb148f66fa2339eac6506aa5776e8e9878766e1b0fd240ac7a"

[[artifact]]
kind = "module"
name = "file_block"
project = "fluxor"
target = "bcm2712"
digest = "sha256:41149a40181e01ee946b503118a9b3265659225e37a9de92cbda3c36be3bdbd5"
reference = "bcm2712/file_block:0.0.1"
content = "sha256:994e7162971f5ddae8bae5ae3e7f44ba444cfcb3eb992673f03096b463e22901"

[[artifact]]
kind = "module"
name = "fs_bank"
project = "fluxor"
target = "bcm2712"
digest = "sha256:2e612e32b5ad7e84438a595e30f21bb7023b3c11fab2b7d32be63374e5489eaa"
reference = "bcm2712/fs_bank:0.0.1"
content = "sha256:987a9dc743aca84909eb91fefb6a3f75c6131425ccd93ff6389ee7e2c4afb831"

[[artifact]]
kind = "module"
name = "fs_selftest"
project = "fluxor"
target = "bcm2712"
digest = "sha256:ea311b8c6a45813b2f57e0856fb848413cd1382cb616ac3118f7e65a4c2b47c9"
reference = "bcm2712/fs_selftest:0.0.1"
content = "sha256:35504652ea276964b80fd482a5a1502761884828ba8e8c54786ae388f44bd0bb"

[[artifact]]
kind = "module"
name = "fs_tap"
project = "fluxor"
target = "bcm2712"
digest = "sha256:17d1fa5a7565f34d61da88f1f7b7093be75bd353af2bda7b660cc0d10487e8c0"
reference = "bcm2712/fs_tap:0.0.1"
content = "sha256:beba8fe3e816a4a9804e11e818b0855be0a8dfe4945c0882c0ff31f48004bf99"

[[artifact]]
kind = "module"
name = "gallery_stage"
project = "fluxor"
target = "bcm2712"
digest = "sha256:03efd101eaf30bf29e4ffb6ac574243be262323a31d304eaf08a98dfe0c49276"
reference = "bcm2712/gallery_stage:0.0.1"
content = "sha256:f9e6036403af44aed4d07615f5ba29a5b7fd53a3398107dbb102eabe9b84c43c"

[[artifact]]
kind = "module"
name = "gesture"
project = "fluxor"
target = "bcm2712"
digest = "sha256:8ecf8bbde3d5734a286bf8a93c5fbbc09cb7bb614a0b4013243116a8476d989f"
reference = "bcm2712/gesture:0.0.1"
content = "sha256:9660c9b2b6117492d56a85c632d85351e3088965142337629d96928552ee5f22"

[[artifact]]
kind = "module"
name = "gpu_replay"
project = "fluxor"
target = "bcm2712"
digest = "sha256:42861e7a89a1383d0303b042b205fa7c52e72a289f8d6f8cc5ecfefdde6025f7"
reference = "bcm2712/gpu_replay:0.0.1"
content = "sha256:ce581b58adb9994071a57ed2e3bd7d9d63c21fc29e736e24ff6fa20654d4e70f"

[[artifact]]
kind = "module"
name = "ip"
project = "fluxor"
target = "bcm2712"
digest = "sha256:60ed3856ec5f4be083709c499b919b33b24adeec9794b7b535c3b5dbb8ab373d"
reference = "bcm2712/ip:0.0.1"
content = "sha256:8760523904382218b03854d48cedfdb38295b5e7a2cc3f8b81393b575882db76"

[[artifact]]
kind = "module"
name = "iso_heap"
project = "fluxor"
target = "bcm2712"
digest = "sha256:1e3a914039fbabd427c793d9dc5e9592fe80b9dad6be808351bc0a4f6613e16b"
reference = "bcm2712/iso_heap:0.0.1"
content = "sha256:302536b403e66baee782e42f07740df2bcd1a518441cbbd3945e5ead2717ac25"

[[artifact]]
kind = "module"
name = "iso_probe"
project = "fluxor"
target = "bcm2712"
digest = "sha256:808ea35c141168c1bc8bf98a651681f5b60a9a63b118ae5deaae5a9ad3a1dac4"
reference = "bcm2712/iso_probe:0.0.1"
content = "sha256:d181a6c9e43b9473b76f7747a6eaaef6ac220a42cba982b31bcb20fc3fa21223"

[[artifact]]
kind = "module"
name = "iso_transform"
project = "fluxor"
target = "bcm2712"
digest = "sha256:b67cb636a5350849759c60e5a73a60bfa4f4047cf49560e17ffe1b587b675ddb"
reference = "bcm2712/iso_transform:0.0.1"
content = "sha256:f1015a104075d8360d82cb71162c7507505b6bb637dd7b0219eb2671acd1ddef"

[[artifact]]
kind = "module"
name = "kv_store"
project = "fluxor"
target = "bcm2712"
digest = "sha256:6bb126e4faa8c94f316a3dcb68d7f3fb158b4b0e7f38b4ad6ef208801d69c71b"
reference = "bcm2712/kv_store:0.0.1"
content = "sha256:dae05481a038ae676c131bd6931d4d145003a52c8e762066bcde2c4fb02b4052"

[[artifact]]
kind = "module"
name = "load_gen"
project = "fluxor"
target = "bcm2712"
digest = "sha256:9d003d65afc2abf31081bfe87a02d6206585b948c61bc8623e8bc1e8ec1d9b2e"
reference = "bcm2712/load_gen:0.0.1"
content = "sha256:2fedeb4b5c19db95d41143f9bf35cd2d427a900f1c6eeef93c4b0b40e7bbefc5"

[[artifact]]
kind = "module"
name = "log_net"
project = "fluxor"
target = "bcm2712"
digest = "sha256:ea8c1298a1e8d09530c918223cd8708ba67ea5b5eb151d1becd9278a3b9d9411"
reference = "bcm2712/log_net:0.0.1"
content = "sha256:7474700a739da4c36e809425e1796f13189c2ea9daf826da52b7ea2a0f62fbd5"

[[artifact]]
kind = "module"
name = "mem_ns"
project = "fluxor"
target = "bcm2712"
digest = "sha256:74fb52108b11a21e5bda7efc9192f466e773be2d8e00a2b8768b18903694a15d"
reference = "bcm2712/mem_ns:0.0.1"
content = "sha256:cdfec71930a669b556ba7eafa5d21fd45de8b1fc1e4b7a5ce6c9315f05e12062"

[[artifact]]
kind = "module"
name = "monitor"
project = "fluxor"
target = "bcm2712"
digest = "sha256:b92a57528b3a7e8b9089269a3ecdb827a149084d755b49edc1c752d0ab789a5c"
reference = "bcm2712/monitor:0.0.1"
content = "sha256:9723deada61207c6ac9b4cd77b10e887c4d3bc87fd49f20669a6c0ee3767daca"

[[artifact]]
kind = "module"
name = "mount"
project = "fluxor"
target = "bcm2712"
digest = "sha256:76c11a3cba6f4c8ac15f52135326f2663466e18cfaa4b159d6238d1993d75783"
reference = "bcm2712/mount:0.0.1"
content = "sha256:055e21f47fd661771fd95951a904d6ec6acb49cd325cbf407c91dc1b33c83630"

[[artifact]]
kind = "module"
name = "mux_echo"
project = "fluxor"
target = "bcm2712"
digest = "sha256:cf7d13f1be525abbda039215de5c000a58605311e4f2eb494bdba687903b857b"
reference = "bcm2712/mux_echo:0.0.1"
content = "sha256:2c8653abf4606442d7bf6aad6235ea9b241897a21c74fb82052ab2ec62b877b0"

[[artifact]]
kind = "module"
name = "nbd_serve"
project = "fluxor"
target = "bcm2712"
digest = "sha256:759351a0469d0a28b802b4d7a603de159497a83adfb42c60a88b4687ce8b3a59"
reference = "bcm2712/nbd_serve:0.0.1"
content = "sha256:078fc952e34b90a61a6f7495f704a070e889c53133dbf1a5fea18a4d8adb5e31"

[[artifact]]
kind = "module"
name = "nvme"
project = "fluxor"
target = "bcm2712"
digest = "sha256:9d632941dfbf6f456bf1f177e5412270f050bb2d4777af79800625089e82f5d7"
reference = "bcm2712/nvme:0.0.1"
content = "sha256:637afa23e5e0ec1cfb410ba8f5449fb3436020d96f55c8965592de15cc4a7019"

[[artifact]]
kind = "module"
name = "nvme_arena_probe"
project = "fluxor"
target = "bcm2712"
digest = "sha256:aa8335e44889e82fcfd5d66bb9e96c6c45b881a0d8eeabd810932ae77e090e9e"
reference = "bcm2712/nvme_arena_probe:0.0.1"
content = "sha256:bf38ca9ed8764d250c3b12c3e72ef54da9f521e666168b5ead97c3de633ff296"

[[artifact]]
kind = "module"
name = "nvme_perf_probe"
project = "fluxor"
target = "bcm2712"
digest = "sha256:fddc82c8ce3dd9911f93047f09b036f9984b6298aa6b45fe7c74af8f815fc648"
reference = "bcm2712/nvme_perf_probe:0.0.1"
content = "sha256:a826f5a94fa7e79119584c0548a1e246123aa300abb4aa67a84c2ad52a40ff46"

[[artifact]]
kind = "module"
name = "object_bank"
project = "fluxor"
target = "bcm2712"
digest = "sha256:7e611036b396b6cb991c95c8ab04832835b52b55057327ccfdf9c66070c2a19e"
reference = "bcm2712/object_bank:0.0.1"
content = "sha256:1172ae6d54373afbd1c5543419ce14eb2bc56ed8f5c92c6b89eb9ee575ca946d"

[[artifact]]
kind = "module"
name = "observe"
project = "fluxor"
target = "bcm2712"
digest = "sha256:06a48c3fb56fa855d39442d53003453de15382c6edf109814c7b60c228b40e35"
reference = "bcm2712/observe:0.0.1"
content = "sha256:64e7007884d9dba1c5f27e3a34129509da038074194fab4886c3d50366c15dc3"

[[artifact]]
kind = "module"
name = "ota_registry"
project = "fluxor"
target = "bcm2712"
digest = "sha256:492d05798a9f9a5148a5162c3ea60e1ae9271309c108d62c7ec6f21163842ca0"
reference = "bcm2712/ota_registry:0.0.1"
content = "sha256:79eca0ed643cc87ec32e49b6ee0e2cdbc796eccc868dd094b19cc96b5ad37c7e"

[[artifact]]
kind = "module"
name = "otel"
project = "fluxor"
target = "bcm2712"
digest = "sha256:3d9217f83897ea4f67dbe96ce1f2ff9d9532f25b96189476d2e71a1df27fa1fa"
reference = "bcm2712/otel:0.0.1"
content = "sha256:d2af2a14ae3ddf580c385659335324865d77bc5c3d8bd2496e1cf05ad0e9598e"

[[artifact]]
kind = "module"
name = "otel-min"
project = "fluxor"
target = "bcm2712"
digest = "sha256:350511e10e9862db683094cc38b5f831780619f6d5f4eb1e3462e56020219485"
reference = "bcm2712/otel-min:0.0.1"
content = "sha256:b663c8bffa3bff06c1292f97a0bdd44b005b2123664e110aace1dab366f64953"

[[artifact]]
kind = "module"
name = "packet_echo_director"
project = "fluxor"
target = "bcm2712"
digest = "sha256:379ac75a397c9d210dd1d62bf1109e7e9cd411628ad88eb6e814ac35d191913f"
reference = "bcm2712/packet_echo_director:0.0.1"
content = "sha256:ca38776505d0d8511912453e31f5f19b6ee636643499fbef35a5c28931b42179"

[[artifact]]
kind = "module"
name = "panel_surface_traits"
project = "fluxor"
target = "bcm2712"
digest = "sha256:1d4cfe32d4cc9da213d5db396fec98511d701765f432cc2947de86a15f7925c4"
reference = "bcm2712/panel_surface_traits:0.0.1"
content = "sha256:acaba54e87a0aa63a592651bbfa3ad0cf601c72c622e99c4f5343c4b7087000a"

[[artifact]]
kind = "module"
name = "pause_driver"
project = "fluxor"
target = "bcm2712"
digest = "sha256:a37355232dc27ef03e3092c2fb12db5fbdb2c01489fb33fc9ef3b19c31f889bb"
reference = "bcm2712/pause_driver:0.0.1"
content = "sha256:a4a3c81cedd19f033866c1e82bfdd72fbe96759bb8f66d3741b7ddad720849e6"

[[artifact]]
kind = "module"
name = "pause_probe"
project = "fluxor"
target = "bcm2712"
digest = "sha256:313a4c0307ab3ad287099528fc6629367a0f14cedd21d1cc26fe6bc071c43c6b"
reference = "bcm2712/pause_probe:0.0.1"
content = "sha256:27c3dbfef39bc6ca0c64bd14bb8e73f8344568de778db0151ffbb5b51b6d1372"

[[artifact]]
kind = "module"
name = "pcie_scan"
project = "fluxor"
target = "bcm2712"
digest = "sha256:2ba868df24c0a723b0ad00354c60b11441ec00f53ad1f1128adae549495517c9"
reference = "bcm2712/pcie_scan:0.0.1"
content = "sha256:b1aa9b8471af02d70ec2f0afe00f8d0bff814223120ece625defaf68ab28d6a3"

[[artifact]]
kind = "module"
name = "pkt_filter"
project = "fluxor"
target = "bcm2712"
digest = "sha256:da0c4041629c693c9c8be72653cbf3beff3306129a4550eadb58273af06b9c88"
reference = "bcm2712/pkt_filter:0.0.1"
content = "sha256:bc18d4fa5a7b214927e8f76ecd8d8a2cc8da4b6e5125d0abe364dac632aafbad"

[[artifact]]
kind = "module"
name = "presentation_resolver"
project = "fluxor"
target = "bcm2712"
digest = "sha256:4e6aea9e646c6c9ab7d2bc30306db0e46b19f9d1cee60a86fef7deefb67d6ff2"
reference = "bcm2712/presentation_resolver:0.0.1"
content = "sha256:e10743a38cae9bbdaff657d2c747f691e76fa361b88f29d33e177be613c9d901"

[[artifact]]
kind = "module"
name = "quic"
project = "fluxor"
target = "bcm2712"
digest = "sha256:978dab082232015bb83bd53dab1aa039e2bc60c1b61d05eddd4657b20694148b"
reference = "bcm2712/quic:0.0.1"
content = "sha256:8541f749f2993e6538512482cbde9e67b5a9a9140a74e5047b07c9ab2b341589"

[[artifact]]
kind = "module"
name = "reconfigure"
project = "fluxor"
target = "bcm2712"
digest = "sha256:d789eea28765ec304da988fd9996e45ac6640c966af9699f5de6cb9d3b0d0c6a"
reference = "bcm2712/reconfigure:0.0.1"
content = "sha256:32332d89b2813f5f090d987235fcf6d31a8027c58fd096350a7214354273df24"

[[artifact]]
kind = "module"
name = "remote_channel"
project = "fluxor"
target = "bcm2712"
digest = "sha256:e340791630f254c44c98a2d8c4b58f8a077c266f0353f8b75effa4b20867a78c"
reference = "bcm2712/remote_channel:0.0.1"
content = "sha256:9eae8cc3bb62a021ef283087a0eab469d8d063b1e6beec7da6c21158b92b2ae9"

[[artifact]]
kind = "module"
name = "rp1_gem"
project = "fluxor"
target = "bcm2712"
digest = "sha256:28e430762e61d98cfb001b527f68478b14a1acb470d6b74487a3b6d7f1874e3d"
reference = "bcm2712/rp1_gem:0.0.1"
content = "sha256:9f1e93231d1b854ce2796d43473f67ede30a63f77355b93cd2e90949369518e9"

[[artifact]]
kind = "module"
name = "rsa_bench"
project = "fluxor"
target = "bcm2712"
digest = "sha256:bfb6d3c8f34a12f4a313a12f36f8ccd1d9b948397a8d246f3780483894641943"
reference = "bcm2712/rsa_bench:0.0.1"
content = "sha256:5effd0f877800ac185f33648618d9cace04d7bfebd37945acc4f20d6cecf7422"

[[artifact]]
kind = "module"
name = "sequencer"
project = "fluxor"
target = "bcm2712"
digest = "sha256:a6dad7f55d0d3e6ee1f93f22d558a6b02771008131e6e0f19736f6e3890c9d80"
reference = "bcm2712/sequencer:0.0.1"
content = "sha256:c9dde8645ae1dd1ea1834b527af7ddbed1298892d85aeddca016e0c6649850ac"

[[artifact]]
kind = "module"
name = "smmu"
project = "fluxor"
target = "bcm2712"
digest = "sha256:9d4e0bd949d609e2ae1985aac830ae45a14d69df9cb0261533c864d12a92769a"
reference = "bcm2712/smmu:0.0.1"
content = "sha256:4818a09509477b69aa3283d581a25f227b14fda41077436f5b2d4bb0dbdaa58e"

[[artifact]]
kind = "module"
name = "stack_fence_probe"
project = "fluxor"
target = "bcm2712"
digest = "sha256:e36eff7f7ed2b363f22e0578eb4747c51a3141559faca4bed03da39188f006a2"
reference = "bcm2712/stack_fence_probe:0.0.1"
content = "sha256:2ce79cf680d20fd04687206ba6c12cbb0c1d83b22562f55fdf238332a6b01c0d"

[[artifact]]
kind = "module"
name = "store_probe"
project = "fluxor"
target = "bcm2712"
digest = "sha256:e522863d82d0eea80aa8449f5824e06cd1012e067dde3b62ab73451d927ac01e"
reference = "bcm2712/store_probe:0.0.1"
content = "sha256:20b38c059841113ae3c9ae860f5c84df7ea5e0b240125cd961f84b72416a364f"

[[artifact]]
kind = "module"
name = "store_seed"
project = "fluxor"
target = "bcm2712"
digest = "sha256:0884a972537a2ac2c2714f5d1e7990fc66e1a33518fb52d0e44348d5ca708b8e"
reference = "bcm2712/store_seed:0.0.1"
content = "sha256:813279698bd5c9f8644e966a88017314e23c1ec646c3ae1139bd2d3bd3566d21"

[[artifact]]
kind = "module"
name = "stream_bridge"
project = "fluxor"
target = "bcm2712"
digest = "sha256:72bdb933d7542cc48ea506f2fcc791a9cd7a4d6a865f189c625e1a87e529f887"
reference = "bcm2712/stream_bridge:0.0.1"
content = "sha256:4896f8d84510c9e1e1b3a3bd159e36e13a9331903a26de8f7bada131411f403b"

[[artifact]]
kind = "module"
name = "synth_source"
project = "fluxor"
target = "bcm2712"
digest = "sha256:7561d8f4d6208e01c94bc4bb2b4982d6cce23e8bea6fdf113180af906f733161"
reference = "bcm2712/synth_source:0.0.1"
content = "sha256:2e1419323be5d777edf322c3e52a98201942efece0442e73cf01a53c3f20ec40"

[[artifact]]
kind = "module"
name = "test_fault"
project = "fluxor"
target = "bcm2712"
digest = "sha256:57e9898cf40888cb76e5d9b5e3ca01a5ceaa3f98301a35367f5fe2fed80248f5"
reference = "bcm2712/test_fault:0.0.1"
content = "sha256:5204791658773c8ff289e668ec61dcb182cb16627de6a112a911fb02f15e249d"

[[artifact]]
kind = "module"
name = "tier2_probe"
project = "fluxor"
target = "bcm2712"
digest = "sha256:68eed3c0e6293070e61502a8a89e6612e67e078a11035100eb902d3936d4115a"
reference = "bcm2712/tier2_probe:0.0.1"
content = "sha256:aa9fcdfa485e67dbdd2147a6e594f6c3ef4c4af7e6532f865d789ac52bc0d4af"

[[artifact]]
kind = "module"
name = "tls"
project = "fluxor"
target = "bcm2712"
digest = "sha256:0854af5804cb9bc1bc633ba56f3ee419a28e71685961a877ce9a0f3d9b2e4408"
reference = "bcm2712/tls:0.0.1"
content = "sha256:d9d261c8989afafa0936a0fd4b976449df5d0037812000140196b7476d31832e"

[[artifact]]
kind = "module"
name = "tls_probe"
project = "fluxor"
target = "bcm2712"
digest = "sha256:320bacf1103eb4d114d0a1d279195485fad2590ab58bc86948810f871be45775"
reference = "bcm2712/tls_probe:0.0.1"
content = "sha256:043f9ef18e043ee51f7c2acb462612edbc21544f21e7facb79e429d0ed20c096"

[[artifact]]
kind = "module"
name = "transport_buffer"
project = "fluxor"
target = "bcm2712"
digest = "sha256:ed15cfd2c8ffa4c6e6a4925697712a12283c9ff95302fbda02196aa7b6c268ef"
reference = "bcm2712/transport_buffer:0.0.1"
content = "sha256:8229e9b6e3cf71fd312bec20bd5e7a3db201ac9c936a18842e998da9e9aaaf3a"

[[artifact]]
kind = "module"
name = "usb_midi_host"
project = "fluxor"
target = "bcm2712"
digest = "sha256:ac9376580301697a84a4161f7073a4c7abc5b623de2dcfe75b15c966da3585dc"
reference = "bcm2712/usb_midi_host:0.0.1"
content = "sha256:3e748a6a19adedfa76ac6eeed5df8600901fd759ac69e6bb418688ce50abb228"

[[artifact]]
kind = "module"
name = "virtio_net"
project = "fluxor"
target = "bcm2712"
digest = "sha256:32035e12933f1db421e05c6b9d718570263f929fe3b0f33685224f718e00388c"
reference = "bcm2712/virtio_net:0.0.1"
content = "sha256:17faa90861bb1efcd741a0174bba681dece5c4a2c36e3eb7cc789dd68719d292"

[[artifact]]
kind = "module"
name = "wake_snk"
project = "fluxor"
target = "bcm2712"
digest = "sha256:efb06e4efc857ec6c3fb995991639987376e494978ee94572ba5419dc0ddc619"
reference = "bcm2712/wake_snk:0.0.1"
content = "sha256:3ca28629aace087a5935f3fff006c651ae378f61ea837d469e8adc2ed09bfa6f"

[[artifact]]
kind = "module"
name = "wake_src"
project = "fluxor"
target = "bcm2712"
digest = "sha256:419bfd60deeda90c0b4b44d3ef2ebf135e964874f71f1b5f97019ffffdd78d1c"
reference = "bcm2712/wake_src:0.0.1"
content = "sha256:631fc5aafde0f533789a43313e9f9765d4245c9cd3728fadf70278710437b173"

[[artifact]]
kind = "module"
name = "http"
project = "wave"
target = "bcm2712"
digest = "sha256:9dce34b47e00ff533355a40bca56320ac7eaf76eeddfb71a92c777247f99b33f"
reference = "bcm2712/http:0.0.1"
content = "sha256:ccd7703464220409a830f44f3cad8a61ddf660a278ae574248b7135f01584a4c"

[[artifact]]
kind = "module"
name = "http-app"
project = "wave"
target = "bcm2712"
digest = "sha256:bf03252b09630e28bae06c7856d94c6ae86678891d2ea7a212ee2ef33e0e1a05"
reference = "bcm2712/http-app:0.0.1"
content = "sha256:24a15e60a92ea143dbc960aec204987403f479a426a154e6d59ee9b5224b939d"

[[artifact]]
kind = "module"
name = "http-exchange"
project = "wave"
target = "bcm2712"
digest = "sha256:c03e4f2dc06d2bda0df2d712cac2d91978cd9c2104c67a343e3b178867cc529a"
reference = "bcm2712/http-exchange:0.0.1"
content = "sha256:0ba1e4dbe10ebdb1f1663cd3868fa99d00953ade9fd4fb52c13eab8e42384806"

[[artifact]]
kind = "module"
name = "http-h1_exchange"
project = "wave"
target = "bcm2712"
digest = "sha256:f42c718947613a6105055f513898fd26ea6815bd8bcce45fa07e872ba05156d0"
reference = "bcm2712/http-h1_exchange:0.0.1"
content = "sha256:273a6bf6478b9e7c846548f689753a520cb54a434f647d1ab8ca01fb128e02aa"

[[artifact]]
kind = "module"
name = "http-h2"
project = "wave"
target = "bcm2712"
digest = "sha256:8a5bd79e38e2c29b4730cd7899743b56a244c0af2834079bf188704f2d884507"
reference = "bcm2712/http-h2:0.0.1"
content = "sha256:22ab11723238a0317091f2fc80ce343142e3b42e03a3d56e15d7b51f3750e99b"

[[artifact]]
kind = "module"
name = "http-web"
project = "wave"
target = "bcm2712"
digest = "sha256:2ef99a97e9c5fa4ba434240c156b88956915156aaa79abf992beb40c3d16b0c9"
reference = "bcm2712/http-web:0.0.1"
content = "sha256:fda55d524af654a91077450627547d593674d6e9d1008c4da17e86710679044a"

[[artifact]]
kind = "module"
name = "http_echo_app"
project = "wave"
target = "bcm2712"
digest = "sha256:8862d2b5b2734a1e9a8af2a5a04a977a4693835e28e7b17ef205d7d12a34e285"
reference = "bcm2712/http_echo_app:0.0.1"
content = "sha256:6a64cff776cd9eab207cbe4ad66535fc81610cdcd0f332a4776ada3c8fc6842c"

[[artifact]]
kind = "module"
name = "jitter"
project = "wave"
target = "bcm2712"
digest = "sha256:da73a41fcb38ab055f3fcb01b5947f833ac20ed623695449577780cda042df58"
reference = "bcm2712/jitter:0.0.1"
content = "sha256:349548b30b1a747adc75c9ca5f91cfe4e015503b838c870e98c3912b98f47bf4"

[[artifact]]
kind = "module"
name = "mail"
project = "wave"
target = "bcm2712"
digest = "sha256:44bd5de73b2eb35f04dafa49aeefcdffed41c1eee4520702170e3760658300bc"
reference = "bcm2712/mail:0.0.1"
content = "sha256:bd2b7015083cd3cce6c7e1dd88ab7b5502f02af5617873b557c570229247a67e"

[[artifact]]
kind = "module"
name = "rtcp"
project = "wave"
target = "bcm2712"
digest = "sha256:2913fc0de4ba0af0a63344dd2199855ae90a1e1c9d439bc68fc7e12b15340987"
reference = "bcm2712/rtcp:0.0.1"
content = "sha256:a22ed6b35a243fa81ca0b9fdb5016c3adbaea63936591d9b1efe5c7b7d328e9e"

[[artifact]]
kind = "module"
name = "rtp"
project = "wave"
target = "bcm2712"
digest = "sha256:26734a6582638e0de9a201caaa89c5c8719c10c22e6bd256c88e1b30ce00e322"
reference = "bcm2712/rtp:0.0.1"
content = "sha256:717e875de6eed573125897c9fbcea96f5d825c084befcb0d415dbcd97226f2f4"

[[artifact]]
kind = "module"
name = "s3"
project = "wave"
target = "bcm2712"
digest = "sha256:b0231fa6151ee3590cf8d8e357af2d24f678ee7b6e5ddfc172d989decffe89cd"
reference = "bcm2712/s3:0.0.1"
content = "sha256:de7052031db8061cb09f562311bf5ec6819ba642c5d61524e46e9bbd1b88e89b"

[[artifact]]
kind = "module"
name = "sip"
project = "wave"
target = "bcm2712"
digest = "sha256:5b877f76ede9bd126dbd7ebab17456d248734f1d8223968342621bca18e26748"
reference = "bcm2712/sip:0.0.1"
content = "sha256:fb523fad413243b79ed7e530258c3aebc78097e50461dcc477be87d545437f35"

[[artifact]]
kind = "module"
name = "smtp"
project = "wave"
target = "bcm2712"
digest = "sha256:88f4391728ccf90d4ea44aee9107135126b51de7534fecea152cc44079ca5b55"
reference = "bcm2712/smtp:0.0.1"
content = "sha256:fa46fa7365ea7c5ba38816a5c282369f8bf73857e8e5e33ea5c539ef877a2251"

[[artifact]]
kind = "module"
name = "stun"
project = "wave"
target = "bcm2712"
digest = "sha256:d840d65d96872492e31d2c4d2ae64034fdab627d8f906102dd10984ba7e4e4fa"
reference = "bcm2712/stun:0.0.1"
content = "sha256:18218b8d8366240f7d80b9be036c139472060050ed8b864983f6cc1fff78d2ad"

[[artifact]]
kind = "module"
name = "websocket"
project = "wave"
target = "bcm2712"
digest = "sha256:fe2bc22c93cbfae553483bd466730f165dd41395cae644a63c614ffe4bffe734"
reference = "bcm2712/websocket:0.0.1"
content = "sha256:427da2b9df732be27e9e94d3fad5e7f2a9021daa9ccb327b0887b4db76efd07a"

[[artifact]]
kind = "module"
name = "ws_echo_worker"
project = "wave"
target = "bcm2712"
digest = "sha256:71a0501c38ed0ff1756a49f36efabd22408c2022c9e5abe0ddb3515ae6c74cd6"
reference = "bcm2712/ws_echo_worker:0.0.1"
content = "sha256:b45415b2fc1bf262b1232b244df93c6fed4ae0e046fc96a9ea596140a9f05782"

[[artifact]]
kind = "module"
name = "ws_stream"
project = "wave"
target = "bcm2712"
digest = "sha256:0aa6a99234dba22dcdc91ac26c6afb91d9a885b2e569b9817f3645a13c0208dd"
reference = "bcm2712/ws_stream:0.0.1"
content = "sha256:c59937f9ca85ab284eb2f540bb7ac8d238ecf80a1cbb924afe12123b02cada11"

[[artifact]]
kind = "runtime"
name = "fluxor"
project = "fluxor"
target = "aarch64-unknown-linux-gnu"
digest = "sha256:da4f11abfceb72d374207dcee5f0cb775c4de66a82c374f4b31d5b7d561bac0d"
reference = "fluxor/run/fluxor-aarch64-unknown-linux-gnu:0.0.1"
content = "sha256:1e50683e621701f85bb3a58a4a029508ce48d1400448c5ebad759a569ee2fb27"

[[artifact]]
kind = "runtime"
name = "fluxor-linux"
project = "fluxor"
target = "aarch64-unknown-linux-gnu"
digest = "sha256:21442306b4308d2619e110eadbd31a4dcfacab8c7cd66f08216e0606926dc327"
reference = "fluxor/run/fluxor-linux-aarch64-unknown-linux-gnu:0.0.1"
content = "sha256:ff1925d78c7fe652b66624a9cc4f5280e78e9fab4182e3a8544dd930473efc26"

[[artifact]]
kind = "source"
name = "clustor-common"
project = "clustor"
digest = "sha256:5354f596e17e91ba6bac18c6be27f9c1f7367b790f32d05c6b224fe2a663e4a2"
reference = "clustor/src/clustor-common:0.0.1"
content = "sha256:cfc60e26a359fdf8c03aa08eb831222776a888e2a634661d6afcf65763446133"

[[artifact]]
kind = "source"
name = "fluxor-abi"
project = "fluxor"
digest = "sha256:3bad16c0a5b6276ba84a43d987ad26eb434f06b00ab4797f19791c560ab7a27b"
reference = "fluxor/src/fluxor-abi:0.0.1"
content = "sha256:0c511be8851b5eb379f0db5471b7df99f25a91d86cfd9bcdeeac43e43fa3c80f"

[[artifact]]
kind = "source"
name = "fluxor-contracts"
project = "fluxor"
digest = "sha256:29a396b22f7da49d18b80eea09e4f381190d5f977613d5795bffd301757e0d91"
reference = "fluxor/src/fluxor-contracts:0.0.1"
content = "sha256:d5f144f490cfb4e521f893120f23d3fbdbeadf1fe7b13c22fcf73e9f46c0b9a4"

[[artifact]]
kind = "source"
name = "wave-common"
project = "wave"
digest = "sha256:79a11a755caa7da14bfb8ca50ac8c147ba4ccc82ca1f740b6c243be5eb9563ac"
reference = "wave/src/wave-common:0.0.1"
content = "sha256:ffc018ef4e71304df48af90e336fe5d11f280cbe78fa8f3f426e5aca41a491af"

[catalog]
digest = "sha256:9108c8ec68dbba957d04644c7de6a45736e19d75717dd357569d529fa9ae798a"
