# fluxor.lock — generated, edit via `fluxor update`
# Pinned store artifacts: one [[artifact]] entry per resolved digest.

[[artifact]]
kind = "module"
name = "admission"
project = "clustor"
target = "bcm2712"
digest = "sha256:3cd390084677c8cb7d37a68e2cf3ab55af14345fbf1fed6140f2086886485a1f"
reference = "bcm2712/admission:0.0.1"
content = "sha256:d5dc698902636bdd5aae4c800959141ef59582cd5ac762f427417896abb0e3e1"

[[artifact]]
kind = "module"
name = "clustor_cli"
project = "clustor"
target = "bcm2712"
digest = "sha256:fd1aaf457383438c128306677d04ee3eae3e6f19fc1b6041dcc96680f6838b85"
reference = "bcm2712/clustor_cli:0.0.1"
content = "sha256:deb016b7722b5271b2593d17fed9ac7d4696033cda3ff51e8013a9e289cba656"

[[artifact]]
kind = "module"
name = "consensus"
project = "clustor"
target = "bcm2712"
digest = "sha256:ae500e96f80b447d7fd00888132a15799240da1a50191df541af498c70faa388"
reference = "bcm2712/consensus:0.0.1"
content = "sha256:e699abba5a8ea99bbc87a246a7c8a3f1aeb90192e365f273c2e4ba2de2ff6bd5"

[[artifact]]
kind = "module"
name = "consensus_bench"
project = "clustor"
target = "bcm2712"
digest = "sha256:190500a6ef0365e0a4f713c154bfa42362de7a205245fdad774a5d3167bbe7f3"
reference = "bcm2712/consensus_bench:0.0.1"
content = "sha256:ce9c948e486879ba426bfc2da3213febc20b7187bcc75e3119fe2bdcf84e7975"

[[artifact]]
kind = "module"
name = "control_plane"
project = "clustor"
target = "bcm2712"
digest = "sha256:7c5850046516d0cb6c4ea1e855929504938c34993d3d8a438d0c04d23fffd7b9"
reference = "bcm2712/control_plane:0.0.1"
content = "sha256:39d6fc2b699aca32349706238570be1a2f1aa599897cc6fda8a7f9cdc534b766"

[[artifact]]
kind = "module"
name = "durability"
project = "clustor"
target = "bcm2712"
digest = "sha256:251defff86a38d2a0db8b4068e83ff2e2234bb8702275dc34e69f9cbaf20ecc7"
reference = "bcm2712/durability:0.0.1"
content = "sha256:4bd6c72c439b2eb37b0a7afa5f78c7f8a41f1071e459abbb0aa64f7188531842"

[[artifact]]
kind = "module"
name = "durability-volatile"
project = "clustor"
target = "bcm2712"
digest = "sha256:f7119fea9df17b202172a381328ceb049145a10267256ce318c53a54b518b257"
reference = "bcm2712/durability-volatile:0.0.1"
content = "sha256:d77058f87f50ae6dd5094f48c4ef588589d052ac59024871e01a362e5ce2ed2f"

[[artifact]]
kind = "module"
name = "example_consumer"
project = "clustor"
target = "bcm2712"
digest = "sha256:8e8a3a33c4c1ba039d4e940a738b831db0ee1cf65df52c55d797a492a0ce356c"
reference = "bcm2712/example_consumer:0.0.1"
content = "sha256:c92e03da9f8a25edd31e615f0b6395b22430cdd9865a39e0bdf19b9971bc953a"

[[artifact]]
kind = "module"
name = "gateway"
project = "clustor"
target = "bcm2712"
digest = "sha256:4e61d11c940484f9fd4cc42567378107915979641f57554da85d382a8d344ae6"
reference = "bcm2712/gateway:0.0.1"
content = "sha256:ec9065a1403617f212968d736963b44efc105b6908102373412e44ae0b68a9cc"

[[artifact]]
kind = "module"
name = "nvme_bench"
project = "clustor"
target = "bcm2712"
digest = "sha256:406220cc85fc65f056f92f2ad797e9f806bb69340b3bce077e5da5edb7fd6559"
reference = "bcm2712/nvme_bench:0.0.1"
content = "sha256:801906c83cd8fcdefce4fb049c57c15919cd63c13c2070a5d85e90625f787076"

[[artifact]]
kind = "module"
name = "operations"
project = "clustor"
target = "bcm2712"
digest = "sha256:7e8bebbf84cbbd254b77dd9d947f90172614db84de85510415de7e7b0f8f18f5"
reference = "bcm2712/operations:0.0.1"
content = "sha256:0520bef101bfecad0bcdbf6e10c6344e96e851a1a605798e7ea9554fe93be6a4"

[[artifact]]
kind = "module"
name = "operations-headless"
project = "clustor"
target = "bcm2712"
digest = "sha256:8d9cfeb9b0dc37ea687b9ba8aee0b60f38ac2360cc2ca574d69d4fff51af3e4c"
reference = "bcm2712/operations-headless:0.0.1"
content = "sha256:d8a18691f9945303b88c80ec9a986c2d638e3a51b1ae8f958c2756210ab3f1c2"

[[artifact]]
kind = "module"
name = "partition_router"
project = "clustor"
target = "bcm2712"
digest = "sha256:6b96c071a9bb1c27b2747fd54ccf5e4b1db3e8bbf02038be815c7bbb9b23a68b"
reference = "bcm2712/partition_router:0.0.1"
content = "sha256:ebc3292eda392295d3b42253f49d5e818ba286a5d46f2b41049c7460422c2a8c"

[[artifact]]
kind = "module"
name = "peer_router"
project = "clustor"
target = "bcm2712"
digest = "sha256:e649c7d981c246a813c847076eab41cda6c20536dcbe3e3269af05fb26ad09ff"
reference = "bcm2712/peer_router:0.0.1"
content = "sha256:dfb81c134495c531f3bfa832d6fa7df36698739389e52d5993e6679635c614c2"

[[artifact]]
kind = "module"
name = "session_directory"
project = "clustor"
target = "bcm2712"
digest = "sha256:ce0b83f9d398559dda1c0226bd139a26fc0bc0ca9916edfa891ddb51b9ef50f7"
reference = "bcm2712/session_directory:0.0.1"
content = "sha256:36616b9b2fea0f040e8ea29fdf85da8758d39d7d0868976c91586cb1ef272bf3"

[[artifact]]
kind = "module"
name = "conn_demux"
project = "fluxor"
target = "bcm2712"
digest = "sha256:8d6a4e5053bdcaf72d6b4b115285bf6af226277d1b11718b60c3216f521e8c3c"
reference = "bcm2712/conn_demux:0.0.1"
content = "sha256:c80359cc616bdd60e7745776247c96e52fbc63e5216704249bca08be4021ac38"

[[artifact]]
kind = "module"
name = "conn_guard"
project = "fluxor"
target = "bcm2712"
digest = "sha256:1b68be3cb47ccf9edaac0d6828b4ac71878437299e72b6c821c667c684f97e5f"
reference = "bcm2712/conn_guard:0.0.1"
content = "sha256:9328a74b041ad05df81d328a13108e28ccd2a9490db97619952a2c9744ff4b5c"

[[artifact]]
kind = "module"
name = "conn_sink"
project = "fluxor"
target = "bcm2712"
digest = "sha256:5a9372b2dc90ca68cfb2f59a120ded7280a15f826015657271dcbdc81a35beec"
reference = "bcm2712/conn_sink:0.0.1"
content = "sha256:7c53b058e19f6a0fcfaa56c4ab52bc6e20a9f0703ebcb321a3bd5e02ae87ed58"

[[artifact]]
kind = "module"
name = "debug"
project = "fluxor"
target = "bcm2712"
digest = "sha256:72873033601d83d9947c0d1b15940b5a1afab83071c07854d08ccf4fa16f1782"
reference = "bcm2712/debug:0.0.1"
content = "sha256:fae70491942231089ba9a7a9d89d4d2746714cdbd1d224c5ead4651c577ef590"

[[artifact]]
kind = "module"
name = "demux"
project = "fluxor"
target = "bcm2712"
digest = "sha256:caa1bde6ed7ad9f0bc004c8264f2e70e485c9d4b179336150796da85d265bdd7"
reference = "bcm2712/demux:0.0.1"
content = "sha256:0550e795d859474619b9a53b5b06999e862af42ad08da338077dea037948f4bd"

[[artifact]]
kind = "module"
name = "directory_stand_in"
project = "fluxor"
target = "bcm2712"
digest = "sha256:5d868d6538fa2e307df70ad2dafe824c7d2ec1364f51aecabc2a7efcf7013a4f"
reference = "bcm2712/directory_stand_in:0.0.1"
content = "sha256:c9214c79e4acb1353845067683b32ba9c50441816e8fcd4a5eba02b85e75a147"

[[artifact]]
kind = "module"
name = "dma_probe"
project = "fluxor"
target = "bcm2712"
digest = "sha256:ab4983824a208d02d7ed708447047ab6db295aa03a9d9fca84bb0380cbd34548"
reference = "bcm2712/dma_probe:0.0.1"
content = "sha256:be7e705c740c4add2280089fb3845faf406d62c0a83384c14413715eae80679d"

[[artifact]]
kind = "module"
name = "dns"
project = "fluxor"
target = "bcm2712"
digest = "sha256:2fa13310aebccf994f34a3d1220d1605bb5d53d76529e06699280c740528b067"
reference = "bcm2712/dns:0.0.1"
content = "sha256:f33cb5c9c9b693c9261a34fa988dbaab9b5931fa63fa3efc008590eb881be37e"

[[artifact]]
kind = "module"
name = "e810"
project = "fluxor"
target = "bcm2712"
digest = "sha256:b4e5ac51b38b1dcb2b88626df82897b9a0202191b5b4f37e5c75d663b2059d09"
reference = "bcm2712/e810:0.0.1"
content = "sha256:54a0f925344f3de238c6e86145efaf424139e27a7875027fdc6e13ebf10fc350"

[[artifact]]
kind = "module"
name = "echo_anchor"
project = "fluxor"
target = "bcm2712"
digest = "sha256:987c01acd886d91f3ba2a1158f3ed49d18953ceabea8009fc13d3c73af2cba1a"
reference = "bcm2712/echo_anchor:0.0.1"
content = "sha256:ef24222f1370448716f01e9905ff0d260d96aaab680e2dd93a0fd12552e698fe"

[[artifact]]
kind = "module"
name = "echo_worker"
project = "fluxor"
target = "bcm2712"
digest = "sha256:0564961985724656418e3510fbf81dd83404ee3cf42ddccb41a5591b426c512e"
reference = "bcm2712/echo_worker:0.0.1"
content = "sha256:c07de88786226d0987dcb2098d26aa50d7de7194b8c145db023c928317213d17"

[[artifact]]
kind = "module"
name = "eth_parser"
project = "fluxor"
target = "bcm2712"
digest = "sha256:e456464b94bfdae89667aa79c722a531a3cc6002577f852202039e762fcf6172"
reference = "bcm2712/eth_parser:0.0.1"
content = "sha256:cf17ec12c4ec94cfd1be870498520d3f074f72788caff9a3c7c6e54bc0f3caaa"

[[artifact]]
kind = "module"
name = "exchange_poster"
project = "fluxor"
target = "bcm2712"
digest = "sha256:4c796efd8db6771e0b000fa1e36a88755cb09864d7b40228a0bc9088de67e196"
reference = "bcm2712/exchange_poster:0.0.1"
content = "sha256:fa4beeb6928fe1213b7c99efe46e15edd28d4387202374f0bdfe4a69da855515"

[[artifact]]
kind = "module"
name = "fat32"
project = "fluxor"
target = "bcm2712"
digest = "sha256:bd4d9628d38d67366a6e721d6c76c650ccbcdc30428188d168a823d514a319b4"
reference = "bcm2712/fat32:0.0.1"
content = "sha256:98456202c1d02c412c3446af07100f58290e8dff51d71d0d44af60196c9aea33"

[[artifact]]
kind = "module"
name = "fat32_seed"
project = "fluxor"
target = "bcm2712"
digest = "sha256:96785dede3a4f6fc824e48861505f3f4876df5b375e1aa85927cc8473987f45a"
reference = "bcm2712/fat32_seed:0.0.1"
content = "sha256:01369109708d1a6beac093a3dda035f36b0ff6b1774534e0c041ef7e165fbce2"

[[artifact]]
kind = "module"
name = "fence_agent"
project = "fluxor"
target = "bcm2712"
digest = "sha256:3770b6c024acbeafe1ebfc442078a51a6f2b7766f0fdea095d876d230950f6ea"
reference = "bcm2712/fence_agent:0.0.1"
content = "sha256:f5cdd6ddee66a95510e96796ad7850c6696a46b6f764005e47906e5ce2d1c9d2"

[[artifact]]
kind = "module"
name = "fence_probe"
project = "fluxor"
target = "bcm2712"
digest = "sha256:64c9c3644f240e12c15b797ec1f587443468ed254959b1570d322ef999919566"
reference = "bcm2712/fence_probe:0.0.1"
content = "sha256:dd29f996327249857e2bcee01b5ece39058a81699251a9551eb368238918b63a"

[[artifact]]
kind = "module"
name = "fs_bank"
project = "fluxor"
target = "bcm2712"
digest = "sha256:e8806c501633735218767fff78ae6396882ba7ad3d702c5114cf079690af3930"
reference = "bcm2712/fs_bank:0.0.1"
content = "sha256:c8ec6fea333888ff10826a4dcb4125772782dca10984f52fecdbd70150705175"

[[artifact]]
kind = "module"
name = "fs_selftest"
project = "fluxor"
target = "bcm2712"
digest = "sha256:aa5204a01027d2fcca68c601b41f62ae80a362c384fc2ddeec013425f7c4c305"
reference = "bcm2712/fs_selftest:0.0.1"
content = "sha256:f874dec6906a631e0ee58eb8feab76c72fdaa3dd1bbfae61344a9fcf4cfe9a9c"

[[artifact]]
kind = "module"
name = "fs_tap"
project = "fluxor"
target = "bcm2712"
digest = "sha256:f644a026cf2071a057f6217e39c52e35157ee04c3dab5fdcdfa510e9ec447d6e"
reference = "bcm2712/fs_tap:0.0.1"
content = "sha256:e3fb6239cd9b5287c5b8654d6ae0508001b831269c2f61dd05cfbfb2db015fbd"

[[artifact]]
kind = "module"
name = "gallery_stage"
project = "fluxor"
target = "bcm2712"
digest = "sha256:3cf3d980830ccb111f78b5c20e8e34b30f2c5aa494613f5fe0e757d7995bd590"
reference = "bcm2712/gallery_stage:0.0.1"
content = "sha256:309b3f31759730fbcae7be88a5ed7c7a9263af1f801d0b15d002dd04becf6cd3"

[[artifact]]
kind = "module"
name = "gesture"
project = "fluxor"
target = "bcm2712"
digest = "sha256:23481b0c37415bf48a19c72e1488d5d226939e385310d4fc4c9ea8892946c6a3"
reference = "bcm2712/gesture:0.0.1"
content = "sha256:2b7425a63b127f07ccdc3c9650470d467e9f59d9841ed0cc89795704f606c030"

[[artifact]]
kind = "module"
name = "gpu_replay"
project = "fluxor"
target = "bcm2712"
digest = "sha256:03ce764a2d501a00f40f201d32e69c652acf7cba15cf178bd8c48102a39ed8c3"
reference = "bcm2712/gpu_replay:0.0.1"
content = "sha256:9da32a04a586709dcc4e471f2b1cda8f1dc61ca148aee2fee091336fae1bc848"

[[artifact]]
kind = "module"
name = "ip"
project = "fluxor"
target = "bcm2712"
digest = "sha256:9da566268ab1cafc3ed1604f73ec8832ddcd178daf08c1aefe7dcac36eab8d0f"
reference = "bcm2712/ip:0.0.1"
content = "sha256:5473489a261203315ebb6b8d3a060d1c77fcb7a6ec30f7c92bbe613634dda4a2"

[[artifact]]
kind = "module"
name = "iso_heap"
project = "fluxor"
target = "bcm2712"
digest = "sha256:42b6858e7e05a2fc61c71b181968683333ee62dddfd7497a7fdb4d38bd89b352"
reference = "bcm2712/iso_heap:0.0.1"
content = "sha256:a624c5b2620c8a3c8adcd0f81070ba95f56a7de7c0612d7840998906c7e85981"

[[artifact]]
kind = "module"
name = "iso_probe"
project = "fluxor"
target = "bcm2712"
digest = "sha256:db7237ef38d55b5419cade59bae210adff7087b44a38e3bab3f0d9e9fe81fa34"
reference = "bcm2712/iso_probe:0.0.1"
content = "sha256:ca393b41d2666744178dc7fd545ac27138a266b305d99232e412dcace222cb9f"

[[artifact]]
kind = "module"
name = "iso_transform"
project = "fluxor"
target = "bcm2712"
digest = "sha256:b3ebd41f29f8ab20b94760ed46a5fc41eff8301499d13325f8927099e9416fca"
reference = "bcm2712/iso_transform:0.0.1"
content = "sha256:81cb9f94c554532ac58640341c2d8e211503dc0debeca028a921aa7182b3e5d3"

[[artifact]]
kind = "module"
name = "kv_store"
project = "fluxor"
target = "bcm2712"
digest = "sha256:a7b6917f33b44a80c0642c2eb198a1c66663ef59f8370bc2536914cae6cc239b"
reference = "bcm2712/kv_store:0.0.1"
content = "sha256:785e9a5ca8e2395aa4be20601fb97d2dbdbe3d0d531cf9de2aa1daba99dafb78"

[[artifact]]
kind = "module"
name = "load_gen"
project = "fluxor"
target = "bcm2712"
digest = "sha256:f59c9fd73c89e092150c1e32e7fa891345217d5ec07c2a09203030f31b251ebe"
reference = "bcm2712/load_gen:0.0.1"
content = "sha256:1213b2a13431ade804d85e1722afe08c8f417480449ae63c6f7ad4fc5ef67b09"

[[artifact]]
kind = "module"
name = "log_net"
project = "fluxor"
target = "bcm2712"
digest = "sha256:128e7c2f3f1223270ddd55bd00bdfed464727b80cb9dd0d19895d0ef2f4b0318"
reference = "bcm2712/log_net:0.0.1"
content = "sha256:1d09ae352abfa231a064615ed375e1ad37e1b83620b1ca4833a947b233bdf08b"

[[artifact]]
kind = "module"
name = "mem_ns"
project = "fluxor"
target = "bcm2712"
digest = "sha256:951d7028fc8a384216c20a0d3454c97e461378ff00209d516e5b15f2939a58da"
reference = "bcm2712/mem_ns:0.0.1"
content = "sha256:a52ba168c56884f6205b3c8f9f4f754bb4f8ce4b5a9b3aa463bfd2b76b583277"

[[artifact]]
kind = "module"
name = "monitor"
project = "fluxor"
target = "bcm2712"
digest = "sha256:4b265e12f15cfdb6061743462f810f40cdf9ed1b54081a0cdcdb8de0ce8ea035"
reference = "bcm2712/monitor:0.0.1"
content = "sha256:644433045d1c5e501c355e3b268eef463171320300965e5e6f20bef043041303"

[[artifact]]
kind = "module"
name = "mount"
project = "fluxor"
target = "bcm2712"
digest = "sha256:592b4700d99ba396a91032290b2350de2d4872312d4f45855973ed4c9dc4b23b"
reference = "bcm2712/mount:0.0.1"
content = "sha256:70eb3cf9368ed2430dfb9be829bd81997164dcf25449c0a8fd8bcb6cd6dee5f2"

[[artifact]]
kind = "module"
name = "mux_echo"
project = "fluxor"
target = "bcm2712"
digest = "sha256:e633cc6c7dea579aadf3df5f62860f74b220c6adb31ee7fc12b660b0d504e82f"
reference = "bcm2712/mux_echo:0.0.1"
content = "sha256:d18bc39dee000d5302c1178a3d7fadc1996c67a9e071dfac21dbb64aeda45817"

[[artifact]]
kind = "module"
name = "nvme"
project = "fluxor"
target = "bcm2712"
digest = "sha256:ec55a8ac85c35e6f850bea767a129b02b4aa33a7ec1be06c708e68fb31888f08"
reference = "bcm2712/nvme:0.0.1"
content = "sha256:28c2525217bb704a346d80d316fea60a16e8a0277293d3d2326f89272d6248a1"

[[artifact]]
kind = "module"
name = "nvme_arena_probe"
project = "fluxor"
target = "bcm2712"
digest = "sha256:0353caebd07a556f988039b6a1a8387e7144791fb242fdf1cbe17837ab352b5a"
reference = "bcm2712/nvme_arena_probe:0.0.1"
content = "sha256:15999437e022be5d72d3b4c1bd3e2a31724ba861f70b421a6791edbee009426a"

[[artifact]]
kind = "module"
name = "nvme_perf_probe"
project = "fluxor"
target = "bcm2712"
digest = "sha256:0544325f2823afd04078ca50eb8b20c4d5440e4f916c78423a3462fdbb7ec02e"
reference = "bcm2712/nvme_perf_probe:0.0.1"
content = "sha256:a3456e0f72514e85a49a92a537538a45839dc16f81e181eecb503c3a968f1df2"

[[artifact]]
kind = "module"
name = "object_bank"
project = "fluxor"
target = "bcm2712"
digest = "sha256:bb15222cd5c6e3c884dec0578e7cd4c482103cec9f5103e1e3da33c8061fe80e"
reference = "bcm2712/object_bank:0.0.1"
content = "sha256:ec6de7d91b3592262a93849224d58155539184fc86aa961091c082c2dd3e39df"

[[artifact]]
kind = "module"
name = "observe"
project = "fluxor"
target = "bcm2712"
digest = "sha256:2e9b8e684a463a2c0dc326f1acd2aef130c40264b8be6679108bf264dc655b5f"
reference = "bcm2712/observe:0.0.1"
content = "sha256:aca22c263952500fc138645740540cfda55618449fc2176cb2600b7bff102de3"

[[artifact]]
kind = "module"
name = "ota_registry"
project = "fluxor"
target = "bcm2712"
digest = "sha256:245751b7a681636ccc08a84bd6fae621cf9f9a4a1f5a1f7bec1380ddd9c5ac27"
reference = "bcm2712/ota_registry:0.0.1"
content = "sha256:f8e367056bd047f3b914aaa6e4a5338d623ad9706c4087a994698cfe514d2275"

[[artifact]]
kind = "module"
name = "otel"
project = "fluxor"
target = "bcm2712"
digest = "sha256:c08343c9d3fbb0724b197a01d069461afdeb77046d8ffb00557d62b269d24b63"
reference = "bcm2712/otel:0.0.1"
content = "sha256:4a109b8b4c14da26c45adcc4968e0710664681d4f0fa59d8e1344de91985f325"

[[artifact]]
kind = "module"
name = "otel-min"
project = "fluxor"
target = "bcm2712"
digest = "sha256:46f0a1e0bcb25daf5effc55e1a4384e9b10f1b772b36667b07ae5f3bcd40cabe"
reference = "bcm2712/otel-min:0.0.1"
content = "sha256:ceee5455f9405135aecf841c364b224daf9e56a88b8b8f72ad09edd452bc6922"

[[artifact]]
kind = "module"
name = "packet_echo_director"
project = "fluxor"
target = "bcm2712"
digest = "sha256:daae7853fc10bc34952f0e3fe31a09fa425e96725806976e17964369f0844468"
reference = "bcm2712/packet_echo_director:0.0.1"
content = "sha256:0bf8d88044191e5ca4ec6cf622041dd8c828b848336fed3e7bc1534d992ec837"

[[artifact]]
kind = "module"
name = "panel_surface_traits"
project = "fluxor"
target = "bcm2712"
digest = "sha256:dee9ad828eea0d4bcf27b26aba2d2333e58dae5dcbce9ae728c8d71bfac64cfe"
reference = "bcm2712/panel_surface_traits:0.0.1"
content = "sha256:db49ba7003fb69b4585c6ae0c72a93702740f6cc86a96023f4d28eb6d476ec76"

[[artifact]]
kind = "module"
name = "pause_driver"
project = "fluxor"
target = "bcm2712"
digest = "sha256:4fbd3c227870e51350718d703cc46ed7df606c1c95aca49ca3755dd2f90a4f77"
reference = "bcm2712/pause_driver:0.0.1"
content = "sha256:24834ae74e38c1619e07531d1e12df11afb2128c73c6ee625ed2c625511ebb3f"

[[artifact]]
kind = "module"
name = "pause_probe"
project = "fluxor"
target = "bcm2712"
digest = "sha256:bddab139c90cb2fa17616f932d80d2bdeb252a83abcaef6dae338eed831016ab"
reference = "bcm2712/pause_probe:0.0.1"
content = "sha256:c1ff9274063458dff3a5dbbe34ac419ca7bd34c3c371d2ffb5e49cd7a99cfcd7"

[[artifact]]
kind = "module"
name = "pcie_scan"
project = "fluxor"
target = "bcm2712"
digest = "sha256:a2e9cd4d85a3ebdf262441cb9971a98de0bc9bfc60e6e8951f4396cfdae3c439"
reference = "bcm2712/pcie_scan:0.0.1"
content = "sha256:dc3dad46faff379b380bcc8ac941ea5c7be1850aba8f054170e665e4e62c5a7c"

[[artifact]]
kind = "module"
name = "pkt_filter"
project = "fluxor"
target = "bcm2712"
digest = "sha256:15ae725422a797432f6847163ef68306d0efb89ebd519b43d68d38ed7c6e6fb4"
reference = "bcm2712/pkt_filter:0.0.1"
content = "sha256:6bf84aaca23e170e427bf3e89cf29730f13aed919549101b98d45c3caa78cb0c"

[[artifact]]
kind = "module"
name = "presentation_resolver"
project = "fluxor"
target = "bcm2712"
digest = "sha256:2b79e726541ddb06476eb45b78ac282aec09d5af8ae793c96537206afe947ec2"
reference = "bcm2712/presentation_resolver:0.0.1"
content = "sha256:de5814236e8750c5f4853dd104e6b520c300f39bd33e1ae4ca10a0f26b3f81da"

[[artifact]]
kind = "module"
name = "quic"
project = "fluxor"
target = "bcm2712"
digest = "sha256:ac47f3cd4f8bb666024ed5a03c876456a998343ab546f9725891bc03130a2e7d"
reference = "bcm2712/quic:0.0.1"
content = "sha256:4113873f2dea04339269708144f88630746300c988f896a140129eeee60b0bdd"

[[artifact]]
kind = "module"
name = "reconfigure"
project = "fluxor"
target = "bcm2712"
digest = "sha256:440b711f588ecebc31c339f99c4c9e71ecf2a7ea5bc272d36588e0ce14617956"
reference = "bcm2712/reconfigure:0.0.1"
content = "sha256:ea7546a1ae65641f78b3fdc59e1aa7a3a14367c44f766222886e990c9eb17313"

[[artifact]]
kind = "module"
name = "remote_channel"
project = "fluxor"
target = "bcm2712"
digest = "sha256:b530b94695f52ba7f488b6176995b40e182a8c88a486c7901529bcca10032f29"
reference = "bcm2712/remote_channel:0.0.1"
content = "sha256:d371253c3574aa5c1bac540b3811f53103f338df5101d9e9ea2c3f53e0544ee8"

[[artifact]]
kind = "module"
name = "rp1_gem"
project = "fluxor"
target = "bcm2712"
digest = "sha256:9c7e5995f1e69c68b3aecb646c4460432e8bbff0e59f1c50d1be574ce5c2a572"
reference = "bcm2712/rp1_gem:0.0.1"
content = "sha256:136c43242be57ca6438fbef3137b353dac81869b0617d900467b16a53dd83f47"

[[artifact]]
kind = "module"
name = "rsa_bench"
project = "fluxor"
target = "bcm2712"
digest = "sha256:7a5b03dd562f766e04204b1ab76f621923dc262aad07be653ec06336099ac4ef"
reference = "bcm2712/rsa_bench:0.0.1"
content = "sha256:5041472b936ec131bd3a75d2d60d0cbce98618560c5a29adc245b1a721dec561"

[[artifact]]
kind = "module"
name = "sequencer"
project = "fluxor"
target = "bcm2712"
digest = "sha256:7f32c4c1efceff8ab886d11189850b2b74f056510d3f49d4de8e9b5558f5a6cf"
reference = "bcm2712/sequencer:0.0.1"
content = "sha256:46851307795c17cb199a671ea636ad0463bd3568d47395b86654cb5d2b7c6867"

[[artifact]]
kind = "module"
name = "smmu"
project = "fluxor"
target = "bcm2712"
digest = "sha256:a460c4157d4d01a3d08bad193961bcee80d783f8b016bde59f471d6db715e0af"
reference = "bcm2712/smmu:0.0.1"
content = "sha256:a415d0028506368b844d7ace29785fb712166db7e01ca20e3b84101a9692bbab"

[[artifact]]
kind = "module"
name = "stack_fence_probe"
project = "fluxor"
target = "bcm2712"
digest = "sha256:55ad6a2a8a374d40c26e2db69ebfeaaa4c4c8613aea6a850e9c78da85f689f79"
reference = "bcm2712/stack_fence_probe:0.0.1"
content = "sha256:b20694b455e25605c1ffe52c341289afa0381b28c7e19834d8ecdbef3fd4e77a"

[[artifact]]
kind = "module"
name = "store_probe"
project = "fluxor"
target = "bcm2712"
digest = "sha256:a8612035b266ea823c563088f466d15ec1b854d10716fb4239930ba5ee48c130"
reference = "bcm2712/store_probe:0.0.1"
content = "sha256:f0f47a07819d535c94b098cd5c58ff17a2587a2defc659374e28edbd4740d6f7"

[[artifact]]
kind = "module"
name = "store_seed"
project = "fluxor"
target = "bcm2712"
digest = "sha256:d5d9135017fae024dba36b09e855a6786e70ddd08287b44f9869dd200a6eb661"
reference = "bcm2712/store_seed:0.0.1"
content = "sha256:3638d3eec33ff54395011c73906983c8e0cf5fd99b03eabc4863ac2d81277f09"

[[artifact]]
kind = "module"
name = "stream_bridge"
project = "fluxor"
target = "bcm2712"
digest = "sha256:d298f8d67683941411d1351c357ccac533ac883bd5f26ed63cc4ea2a21de0845"
reference = "bcm2712/stream_bridge:0.0.1"
content = "sha256:2fd7bf3b5becef1c40416946fdb55238773e3af85be39825d01e0019246daf14"

[[artifact]]
kind = "module"
name = "synth_source"
project = "fluxor"
target = "bcm2712"
digest = "sha256:bee5e118a5bc28f39c22bcd81d55e94a39570ca1ac904319d8942172d816d24e"
reference = "bcm2712/synth_source:0.0.1"
content = "sha256:aca4753593eea271e587b917c22c9ab7f10ab13cecc5fe2b38813396e670a479"

[[artifact]]
kind = "module"
name = "test_fault"
project = "fluxor"
target = "bcm2712"
digest = "sha256:4ddccaf0293561f1a21c9483a496ad15c8ec66ee050dbdf7020790142059b4af"
reference = "bcm2712/test_fault:0.0.1"
content = "sha256:7104df5c278120e30d70b6e8d01d1421250231be147826613f596a6c76ae2dce"

[[artifact]]
kind = "module"
name = "tier2_probe"
project = "fluxor"
target = "bcm2712"
digest = "sha256:3d7cf60f9cfe88d9b3444f27bc061643568a62e74f1111bc958dded61a1a973e"
reference = "bcm2712/tier2_probe:0.0.1"
content = "sha256:fc54e78a2a2318281e47d495b1ec6b59edd2d4412e3d7f58b99badb45abcd920"

[[artifact]]
kind = "module"
name = "tls"
project = "fluxor"
target = "bcm2712"
digest = "sha256:fb5e9847169fd5e86012667b4f3465c818b821f70e4b4b1b73c9981e79576c62"
reference = "bcm2712/tls:0.0.1"
content = "sha256:4a535f23f7c1fe0757d7135e7483441bf4095c5ea116e32cae371b6f36827976"

[[artifact]]
kind = "module"
name = "tls_probe"
project = "fluxor"
target = "bcm2712"
digest = "sha256:305ee4492b13e471385848f37008b69da56be98958329d4ffb8805dfb3c20cea"
reference = "bcm2712/tls_probe:0.0.1"
content = "sha256:b39638f908ee1cd1c060495b823942837361bb1efff2e785e57d4a704f0c37d6"

[[artifact]]
kind = "module"
name = "transport_buffer"
project = "fluxor"
target = "bcm2712"
digest = "sha256:3d5e8d9ae4faca5f7690c8ddb7666984180366766ecb4cc799c3a75ec080db87"
reference = "bcm2712/transport_buffer:0.0.1"
content = "sha256:0ab72a171767abdc3e07d254c1b1eabe15bf415dd3944d22a402cbea6ab27915"

[[artifact]]
kind = "module"
name = "usb_midi_host"
project = "fluxor"
target = "bcm2712"
digest = "sha256:029909aaa98ae5234ca361f9935b69e70cdedfe9373f467f268918ecc6f8445a"
reference = "bcm2712/usb_midi_host:0.0.1"
content = "sha256:5871f65b270237c35f5f46dcba23545ed49164f85cc7e65070a7b015d67f48e0"

[[artifact]]
kind = "module"
name = "virtio_net"
project = "fluxor"
target = "bcm2712"
digest = "sha256:c0eb33161bd63d7571f70071bedcf10cd40b21a68d0c5286f6896c8ade850e60"
reference = "bcm2712/virtio_net:0.0.1"
content = "sha256:b936f5738753b32c190a4875d25d02aae315a4e6e5b7f523eeb2a7ca7e2711ea"

[[artifact]]
kind = "module"
name = "wake_snk"
project = "fluxor"
target = "bcm2712"
digest = "sha256:38aa156bb389f320e6159a6b3d0aa0862f1f9911da70b7b2c10ce9fd520ab9f8"
reference = "bcm2712/wake_snk:0.0.1"
content = "sha256:49980d89224239a558ec18c74d68e593c4128391fddbe1f0e5b5762f6fb313ab"

[[artifact]]
kind = "module"
name = "wake_src"
project = "fluxor"
target = "bcm2712"
digest = "sha256:bf4d80623655eef30969152232ea201a2bfd78578073c8f1b9036e639df08c40"
reference = "bcm2712/wake_src:0.0.1"
content = "sha256:0980b9afeefc6dc448e47229d09c526b449e13f80dff98c70f0f8d4c8351a509"

[[artifact]]
kind = "module"
name = "http"
project = "wave"
target = "bcm2712"
digest = "sha256:9992097acf00890802f62d4f9ea7c249e5ded837a7fd8817a23f07899dac01b6"
reference = "bcm2712/http:0.0.1"
content = "sha256:dac3ef3c3e81aac889f7143fd6efc0ac702be197073460d3bb851a920d2aa4b7"

[[artifact]]
kind = "module"
name = "http-app"
project = "wave"
target = "bcm2712"
digest = "sha256:6b4c9f1a55770f0c73967ff289df31085b5a3cb3d0a7598e150d3d6db2027fda"
reference = "bcm2712/http-app:0.0.1"
content = "sha256:06bf43b48eec82ed5dc3224c312e9d81f4b0144ab380b691daa5c8b353d90b14"

[[artifact]]
kind = "module"
name = "http-exchange"
project = "wave"
target = "bcm2712"
digest = "sha256:ce27332368a8f7f1574dfc3478f08706fc109d7123b7577fb3deff49dd0a946d"
reference = "bcm2712/http-exchange:0.0.1"
content = "sha256:2ad22faeb42ece68a7eea6353b2b387426d3acb0b818acc973a63ae0efd7bbba"

[[artifact]]
kind = "module"
name = "http-h1_exchange"
project = "wave"
target = "bcm2712"
digest = "sha256:fe74a4cf0a9b2c6c0f3f0c8e5a28b6eebb4e300366d6adfbb032988c4ef93735"
reference = "bcm2712/http-h1_exchange:0.0.1"
content = "sha256:e59d7e664cc4678e312b28a6170757c7adc03695f8378ed01eb0a2d035d8f81a"

[[artifact]]
kind = "module"
name = "http-h2"
project = "wave"
target = "bcm2712"
digest = "sha256:9e272545faf34bf2267f8ef8be0e30e4bdace6f224aee15289d8939a54b9e9b8"
reference = "bcm2712/http-h2:0.0.1"
content = "sha256:8c3b476a7cffde5b5a3b22c1505ebe7cfc0939346d70dd6105ca4bb82066231f"

[[artifact]]
kind = "module"
name = "http-web"
project = "wave"
target = "bcm2712"
digest = "sha256:3edf9ab9890fa8ebe18dd3098e4133d1868fc3314ef35214b4c2eaa8d1caa705"
reference = "bcm2712/http-web:0.0.1"
content = "sha256:ae64779cb2616a0c93ffca277714295c06ecf36bf83f45ee5080f61375d1cdb9"

[[artifact]]
kind = "module"
name = "http_echo_app"
project = "wave"
target = "bcm2712"
digest = "sha256:8a81d93ecf7827ce59b7547d8d9c5bb08670ffbd270b8705cddab7e1d51d3943"
reference = "bcm2712/http_echo_app:0.0.1"
content = "sha256:b2652d03ef6778536f7c99b6c85eab580cbd787258f5ee34cacc88e7be346e54"

[[artifact]]
kind = "module"
name = "jitter"
project = "wave"
target = "bcm2712"
digest = "sha256:31b69c4fdf3f8fe3391d3e3c4812c7d8bdcc50ad519a293d08d1da287fa3b745"
reference = "bcm2712/jitter:0.0.1"
content = "sha256:4e94c3b292c2249f4aab7e704df2b71cb84b139ad0f88a28f075212ee3dc6293"

[[artifact]]
kind = "module"
name = "mail"
project = "wave"
target = "bcm2712"
digest = "sha256:ecc29637dc59b102cdf41c89510b02528c1acfcb5ff63fe20f1255623619df94"
reference = "bcm2712/mail:0.0.1"
content = "sha256:13cb7f2db2675212c79b299673f11e6e79b0589d9b62a344cae95a0551e7b914"

[[artifact]]
kind = "module"
name = "rtcp"
project = "wave"
target = "bcm2712"
digest = "sha256:af9ee48f831ce76cfe2f6d5e48af91bd1935c7a54353e5fd8a4bbdddbfdcfd97"
reference = "bcm2712/rtcp:0.0.1"
content = "sha256:da32f6d29b121a117c6b0269c4da482f0f23db9b46667a09331ad5537e9674ca"

[[artifact]]
kind = "module"
name = "rtp"
project = "wave"
target = "bcm2712"
digest = "sha256:be6c2f4b9ed0febf8fa89b9a22ee2de17ce6430b3e28e649dba1aebfe64a2b56"
reference = "bcm2712/rtp:0.0.1"
content = "sha256:352f3267914622c1b7b37e18cdda58dbe65c16ab693aaa022c5fb9f5607e7240"

[[artifact]]
kind = "module"
name = "s3"
project = "wave"
target = "bcm2712"
digest = "sha256:38bb43b4da65acc9a38a3d4947cecb3c44391fa57ed10ce7c3d0fb164fc39018"
reference = "bcm2712/s3:0.0.1"
content = "sha256:b5dd360c65015f73996ff268049dc6a6681fc2b36c25d30df51e0d26b955d299"

[[artifact]]
kind = "module"
name = "sip"
project = "wave"
target = "bcm2712"
digest = "sha256:34eae3e7b147d083868f2d3f3be7eccd1f48440dd0c9d799756f3821c3e253f7"
reference = "bcm2712/sip:0.0.1"
content = "sha256:aaa8403e7dcf1900ed968d2ea8bbf4be1b64a33c73b2ec2cfba46938cd9d0192"

[[artifact]]
kind = "module"
name = "smtp"
project = "wave"
target = "bcm2712"
digest = "sha256:c03c478eb3d0f50d12d5d103e0aaa4c9c407c2480f05b8a26901ac445942f23b"
reference = "bcm2712/smtp:0.0.1"
content = "sha256:30dfb40295094963a5a41f2171099b4c6f426097dd873c62b5422cf4037e7e7c"

[[artifact]]
kind = "module"
name = "stun"
project = "wave"
target = "bcm2712"
digest = "sha256:94926f8b54a3fdd987c2d299d5a7289e2fe81cd8dbded1a139d603b6f772105a"
reference = "bcm2712/stun:0.0.1"
content = "sha256:9494f6c46ec8ee5b3a1ea22f7053885a65fa25393de1a3ec03ed359cea720455"

[[artifact]]
kind = "module"
name = "websocket"
project = "wave"
target = "bcm2712"
digest = "sha256:ecefec01a4e75aa4cffc9ba4111151eeac4edd3722ea52ccff849d17f0b11417"
reference = "bcm2712/websocket:0.0.1"
content = "sha256:df1dcf83964c26a9a1afc5ef15cadff88b9df789122bdf2fa2f72d5291109a7e"

[[artifact]]
kind = "module"
name = "ws_echo_worker"
project = "wave"
target = "bcm2712"
digest = "sha256:94633f03251b5890c6f8d42bef88bc0755a5008281300efb2c5360a887987ff8"
reference = "bcm2712/ws_echo_worker:0.0.1"
content = "sha256:de06930794d362f449b9a8c8174dbd89f077691b903bd99861f005c19f548071"

[[artifact]]
kind = "module"
name = "ws_stream"
project = "wave"
target = "bcm2712"
digest = "sha256:241bf60dc3cbb6dcb8ffd743db11583ee3d5713a36ab64fb14f51eb2b5a3858a"
reference = "bcm2712/ws_stream:0.0.1"
content = "sha256:d97bc4000315c9f400adeab5b6f58ed527fc0c7fa5ce3f8557cde3e666259058"

[[artifact]]
kind = "runtime"
name = "fluxor"
project = "fluxor"
target = "aarch64-unknown-linux-gnu"
digest = "sha256:3afdefd85cc602cc4a776d8d1422f836b04c9c64692be43206c3ee89cd07b152"
reference = "fluxor/run/fluxor-aarch64-unknown-linux-gnu:0.0.1"
content = "sha256:478bd06f625152f242325fe5153cc325dd0daffae3945f68405bc14e97e5943e"

[[artifact]]
kind = "runtime"
name = "fluxor-linux"
project = "fluxor"
target = "aarch64-unknown-linux-gnu"
digest = "sha256:b1b31535b3456df88c28ae0c254c5429878ddf6b306d8053f8971958bd6ee7d4"
reference = "fluxor/run/fluxor-linux-aarch64-unknown-linux-gnu:0.0.1"
content = "sha256:80261f54070517268f56bbd149f08ab901e39b9c2a620e2467c980cfe25bb44f"

[[artifact]]
kind = "source"
name = "clustor-common"
project = "clustor"
digest = "sha256:8142ad9d9cf642075b299fdd3f7f43eb9270f90ff430c5aa92dc589728ddc474"
reference = "clustor/src/clustor-common:0.0.1"
content = "sha256:b50066f767fe5d53d7161855ea1792ee9b5075f9e06aa683e3d061ca1ba4e574"

[[artifact]]
kind = "source"
name = "fluxor-abi"
project = "fluxor"
digest = "sha256:914c778384e5aaeb20648f20777b62b06200917fa11f3da40afd5f2579502adf"
reference = "fluxor/src/fluxor-abi:0.0.1"
content = "sha256:b0ae211849bfbbdb110d61e0c2710b97ea10b16f58822cfa6621c6d5c464f0f4"

[[artifact]]
kind = "source"
name = "fluxor-contracts"
project = "fluxor"
digest = "sha256:4a05c20164f3addc28dbd7071e8b83cf8fae37fdbbe8214f527de0d61b6c62a0"
reference = "fluxor/src/fluxor-contracts:0.0.1"
content = "sha256:d5f144f490cfb4e521f893120f23d3fbdbeadf1fe7b13c22fcf73e9f46c0b9a4"

[[artifact]]
kind = "source"
name = "wave-common"
project = "wave"
digest = "sha256:ba9a1e94eaa0f986fc86dea47940d38d664ae94f5e2d13fb87cd11ab83f894bd"
reference = "wave/src/wave-common:0.0.1"
content = "sha256:ffc018ef4e71304df48af90e336fe5d11f280cbe78fa8f3f426e5aca41a491af"

[catalog]
digest = "sha256:e8176d96fadc3e02c5e0aa82017ce1291d77a608a6b43e11af6d8a861899e584"
